{
  "version": 4,
  "terraform_version": "1.0.11",
  "serial": 1259,
  "lineage": "51f4c045-8432-e7d2-2667-a11ef9e68066",
  "outputs": {},
  "resources": [
    {
      "mode": "data",
      "type": "aws_iam_policy_document",
      "name": "assume_role",
      "provider": "provider[\"registry.terraform.io/hashicorp/aws\"]",
      "instances": [
        {
          "schema_version": 0,
          "attributes": {
            "id": "320642683",
            "json": "{\n  \"Version\": \"2012-10-17\",\n  \"Statement\": [\n    {\n      \"Sid\": \"\",\n      \"Effect\": \"Allow\",\n      \"Action\": \"sts:AssumeRole\",\n      \"Principal\": {\n        \"Service\": \"ecs-tasks.amazonaws.com\"\n      }\n    }\n  ]\n}",
            "override_json": null,
            "override_policy_documents": null,
            "policy_id": null,
            "source_json": null,
            "source_policy_documents": null,
            "statement": [
              {
                "actions": [
                  "sts:AssumeRole"
                ],
                "condition": [],
                "effect": "Allow",
                "not_actions": [],
                "not_principals": [],
                "not_resources": [],
                "principals": [
                  {
                    "identifiers": [
                      "ecs-tasks.amazonaws.com"
                    ],
                    "type": "Service"
                  }
                ],
                "resources": [],
                "sid": ""
              }
            ],
            "version": "2012-10-17"
          },
          "sensitive_attributes": []
        }
      ]
    },
    {
      "mode": "data",
      "type": "aws_iam_policy_document",
      "name": "hydra_rds_seacret_assume_role",
      "provider": "provider[\"registry.terraform.io/hashicorp/aws\"]",
      "instances": [
        {
          "schema_version": 0,
          "attributes": {
            "id": "1077238154",
            "json": "{\n  \"Version\": \"2012-10-17\",\n  \"Statement\": [\n    {\n      \"Sid\": \"\",\n      \"Effect\": \"Allow\",\n      \"Action\": \"sts:AssumeRole\",\n      \"Principal\": {\n        \"Service\": \"rds.amazonaws.com\"\n      }\n    }\n  ]\n}",
            "override_json": null,
            "override_policy_documents": null,
            "policy_id": null,
            "source_json": null,
            "source_policy_documents": null,
            "statement": [
              {
                "actions": [
                  "sts:AssumeRole"
                ],
                "condition": [],
                "effect": "Allow",
                "not_actions": [],
                "not_principals": [],
                "not_resources": [],
                "principals": [
                  {
                    "identifiers": [
                      "rds.amazonaws.com"
                    ],
                    "type": "Service"
                  }
                ],
                "resources": [],
                "sid": ""
              }
            ],
            "version": "2012-10-17"
          },
          "sensitive_attributes": []
        }
      ]
    },
    {
      "mode": "data",
      "type": "aws_s3_object",
      "name": "golang_zip",
      "provider": "provider[\"registry.terraform.io/hashicorp/aws\"]",
      "instances": [
        {
          "schema_version": 0,
          "attributes": {
            "body": null,
            "bucket": "api-facede-assets",
            "bucket_key_enabled": false,
            "cache_control": "",
            "content_disposition": "",
            "content_encoding": "",
            "content_language": "",
            "content_length": 11290842,
            "content_type": "application/zip",
            "etag": "954bfe227d3646cacce4b463016707ae-2",
            "expiration": "",
            "expires": "",
            "id": "api-facede-assets/archive/api_facede.zip",
            "key": "archive/api_facede.zip",
            "last_modified": "Tue, 19 Jul 2022 17:13:16 UTC",
            "metadata": {},
            "object_lock_legal_hold_status": "",
            "object_lock_mode": "",
            "object_lock_retain_until_date": "",
            "range": null,
            "server_side_encryption": "AES256",
            "sse_kms_key_id": "",
            "storage_class": "STANDARD",
            "tags": {},
            "version_id": "",
            "website_redirect_location": ""
          },
          "sensitive_attributes": []
        }
      ]
    },
    {
      "mode": "data",
      "type": "aws_s3_object",
      "name": "golang_zip_hash",
      "provider": "provider[\"registry.terraform.io/hashicorp/aws\"]",
      "instances": [
        {
          "schema_version": 0,
          "attributes": {
            "body": "9QcPI+Vqajxa0Sup+c75ntUOavuT15GM+CoA91I6eFs=",
            "bucket": "api-facede-assets",
            "bucket_key_enabled": false,
            "cache_control": "",
            "content_disposition": "",
            "content_encoding": "",
            "content_language": "",
            "content_length": 44,
            "content_type": "text/plain",
            "etag": "930b9d3c7ae5f37a3ceecd02230030d3",
            "expiration": "",
            "expires": "",
            "id": "api-facede-assets/archive/api_facede.zip.base64sha256.txt",
            "key": "archive/api_facede.zip.base64sha256.txt",
            "last_modified": "Tue, 19 Jul 2022 17:13:20 UTC",
            "metadata": {},
            "object_lock_legal_hold_status": "",
            "object_lock_mode": "",
            "object_lock_retain_until_date": "",
            "range": null,
            "server_side_encryption": "AES256",
            "sse_kms_key_id": "",
            "storage_class": "STANDARD",
            "tags": {},
            "version_id": "",
            "website_redirect_location": ""
          },
          "sensitive_attributes": []
        }
      ]
    },
    {
      "mode": "managed",
      "type": "aws_api_gateway_deployment",
      "name": "api_facede",
      "provider": "provider[\"registry.terraform.io/hashicorp/aws\"]",
      "instances": [
        {
          "schema_version": 0,
          "attributes": {
            "created_date": "2022-07-19T17:13:14Z",
            "description": "",
            "execution_arn": "arn:aws:execute-api:ap-northeast-1:616004226956:m3caebw2oj/api_facede",
            "id": "rli43z",
            "invoke_url": "https://m3caebw2oj.execute-api.ap-northeast-1.amazonaws.com/api_facede",
            "rest_api_id": "m3caebw2oj",
            "stage_description": "timestamp = 2022-07-19T17:13:13Z",
            "stage_name": "api_facede",
            "triggers": null,
            "variables": null
          },
          "sensitive_attributes": [],
          "private": "bnVsbA==",
          "dependencies": [
            "aws_api_gateway_integration.api_facede",
            "aws_api_gateway_rest_api.api_facede"
          ],
          "create_before_destroy": true
        }
      ]
    },
    {
      "mode": "managed",
      "type": "aws_api_gateway_integration",
      "name": "api_facede",
      "provider": "provider[\"registry.terraform.io/hashicorp/aws\"]",
      "instances": [
        {
          "schema_version": 0,
          "attributes": {
            "cache_key_parameters": [],
            "cache_namespace": "844zm0",
            "connection_id": "",
            "connection_type": "INTERNET",
            "content_handling": "",
            "credentials": "",
            "http_method": "GET",
            "id": "agi-m3caebw2oj-844zm0-GET",
            "integration_http_method": "GET",
            "passthrough_behavior": "WHEN_NO_MATCH",
            "request_parameters": {},
            "request_templates": {},
            "resource_id": "844zm0",
            "rest_api_id": "m3caebw2oj",
            "timeout_milliseconds": 29000,
            "tls_config": [],
            "type": "AWS_PROXY",
            "uri": "arn:aws:apigateway:ap-northeast-1:lambda:path/2015-03-31/functions/arn:aws:lambda:ap-northeast-1:616004226956:function:api_facede/invocations"
          },
          "sensitive_attributes": [],
          "private": "bnVsbA==",
          "dependencies": [
            "aws_api_gateway_method.api_facede",
            "aws_api_gateway_resource.api_facede",
            "aws_api_gateway_rest_api.api_facede",
            "aws_db_proxy.hydra_rds_proxy",
            "aws_db_proxy_target.hydra_rds_proxy",
            "aws_db_subnet_group.hydra_rds_subnet_group",
            "aws_iam_role.api_facede_iam",
            "aws_iam_role.hydra_rds_seacret",
            "aws_lambda_function.api_facede",
            "aws_rds_cluster.hydra_db_cluster",
            "aws_rds_cluster_parameter_group.hydra_rds_cluster_parameter_group",
            "aws_s3_bucket.api_facede_assets",
            "aws_secretsmanager_secret.hydra_rds",
            "aws_secretsmanager_secret_version.hydra_rds",
            "aws_security_group.api_facede_sg",
            "aws_security_group.hydra_rds_proxy_sg",
            "aws_security_group.hydra_rds_sg",
            "aws_security_group_rule.api_facede_sg",
            "aws_subnet.api_facede_subnet_a",
            "aws_subnet.api_facede_subnet_c",
            "aws_subnet.api_facede_subnet_d",
            "aws_subnet.hydra_private_subnet_a",
            "aws_subnet.hydra_private_subnet_c",
            "aws_subnet.hydra_private_subnet_d",
            "aws_vpc.hydra_vpc",
            "data.aws_iam_policy_document.hydra_rds_seacret_assume_role",
            "data.aws_s3_object.golang_zip",
            "data.aws_s3_object.golang_zip_hash",
            "null_resource.lambda_build3"
          ],
          "create_before_destroy": true
        }
      ]
    },
    {
      "mode": "managed",
      "type": "aws_api_gateway_method",
      "name": "api_facede",
      "provider": "provider[\"registry.terraform.io/hashicorp/aws\"]",
      "instances": [
        {
          "schema_version": 0,
          "attributes": {
            "api_key_required": false,
            "authorization": "NONE",
            "authorization_scopes": [],
            "authorizer_id": "",
            "http_method": "GET",
            "id": "agm-m3caebw2oj-844zm0-GET",
            "operation_name": "",
            "request_models": {},
            "request_parameters": {},
            "request_validator_id": "",
            "resource_id": "844zm0",
            "rest_api_id": "m3caebw2oj"
          },
          "sensitive_attributes": [],
          "private": "bnVsbA==",
          "dependencies": [
            "aws_api_gateway_rest_api.api_facede",
            "aws_api_gateway_resource.api_facede"
          ],
          "create_before_destroy": true
        }
      ]
    },
    {
      "mode": "managed",
      "type": "aws_api_gateway_method_response",
      "name": "api_facede",
      "provider": "provider[\"registry.terraform.io/hashicorp/aws\"]",
      "instances": [
        {
          "schema_version": 0,
          "attributes": {
            "http_method": "GET",
            "id": "agmr-m3caebw2oj-844zm0-GET-200",
            "resource_id": "844zm0",
            "response_models": {
              "application/json": "Empty"
            },
            "response_parameters": {},
            "rest_api_id": "m3caebw2oj",
            "status_code": "200"
          },
          "sensitive_attributes": [],
          "private": "bnVsbA==",
          "dependencies": [
            "aws_api_gateway_method.api_facede",
            "aws_api_gateway_resource.api_facede",
            "aws_api_gateway_rest_api.api_facede"
          ]
        }
      ]
    },
    {
      "mode": "managed",
      "type": "aws_api_gateway_resource",
      "name": "api_facede",
      "provider": "provider[\"registry.terraform.io/hashicorp/aws\"]",
      "instances": [
        {
          "schema_version": 0,
          "attributes": {
            "id": "844zm0",
            "parent_id": "yu5cwshvd5",
            "path": "/api_facede",
            "path_part": "api_facede",
            "rest_api_id": "m3caebw2oj"
          },
          "sensitive_attributes": [],
          "private": "bnVsbA==",
          "dependencies": [
            "aws_api_gateway_rest_api.api_facede"
          ],
          "create_before_destroy": true
        }
      ]
    },
    {
      "mode": "managed",
      "type": "aws_api_gateway_rest_api",
      "name": "api_facede",
      "provider": "provider[\"registry.terraform.io/hashicorp/aws\"]",
      "instances": [
        {
          "schema_version": 0,
          "attributes": {
            "api_key_source": "HEADER",
            "arn": "arn:aws:apigateway:ap-northeast-1::/restapis/m3caebw2oj",
            "binary_media_types": [],
            "body": null,
            "created_date": "2022-07-19T02:34:20Z",
            "description": "api_facede API Gateway",
            "disable_execute_api_endpoint": false,
            "endpoint_configuration": [
              {
                "types": [
                  "EDGE"
                ],
                "vpc_endpoint_ids": []
              }
            ],
            "execution_arn": "arn:aws:execute-api:ap-northeast-1:616004226956:m3caebw2oj",
            "id": "m3caebw2oj",
            "minimum_compression_size": -1,
            "name": "api_facede",
            "parameters": null,
            "policy": "",
            "root_resource_id": "yu5cwshvd5",
            "tags": {},
            "tags_all": {}
          },
          "sensitive_attributes": [],
          "private": "bnVsbA==",
          "create_before_destroy": true
        }
      ]
    },
    {
      "mode": "managed",
      "type": "aws_cloudwatch_log_group",
      "name": "hydra_ecs_task_definition",
      "provider": "provider[\"registry.terraform.io/hashicorp/aws\"]",
      "instances": [
        {
          "schema_version": 0,
          "attributes": {
            "arn": "arn:aws:logs:ap-northeast-1:616004226956:log-group:/ecs/hydra_ecs_task_definition",
            "id": "/ecs/hydra_ecs_task_definition",
            "kms_key_id": "",
            "name": "/ecs/hydra_ecs_task_definition",
            "name_prefix": null,
            "retention_in_days": 0,
            "tags": {},
            "tags_all": {}
          },
          "sensitive_attributes": [],
          "private": "bnVsbA=="
        }
      ]
    },
    {
      "mode": "managed",
      "type": "aws_db_proxy",
      "name": "hydra_rds_proxy",
      "provider": "provider[\"registry.terraform.io/hashicorp/aws\"]",
      "instances": [
        {
          "schema_version": 0,
          "attributes": {
            "arn": "arn:aws:rds:ap-northeast-1:616004226956:db-proxy:prx-0172e63d57a859d6a",
            "auth": [
              {
                "auth_scheme": "SECRETS",
                "description": "",
                "iam_auth": "DISABLED",
                "secret_arn": "arn:aws:secretsmanager:ap-northeast-1:616004226956:secret:hydra_rds-uMdmXY",
                "username": ""
              }
            ],
            "debug_logging": false,
            "endpoint": "hydra-rds-proxy.proxy-cggh3018flmj.ap-northeast-1.rds.amazonaws.com",
            "engine_family": "MYSQL",
            "id": "hydra-rds-proxy",
            "idle_client_timeout": 1800,
            "name": "hydra-rds-proxy",
            "require_tls": false,
            "role_arn": "arn:aws:iam::616004226956:role/hydra_rds_seacret",
            "tags": {},
            "tags_all": {},
            "timeouts": null,
            "vpc_security_group_ids": [
              "sg-0cb15f0a389ea1c9c"
            ],
            "vpc_subnet_ids": [
              "subnet-01e6c1e02562fb591",
              "subnet-040b3c60dfab5c8a2",
              "subnet-07656c7fd9529637b"
            ]
          },
          "sensitive_attributes": [],
          "private": "eyJlMmJmYjczMC1lY2FhLTExZTYtOGY4OC0zNDM2M2JjN2M0YzAiOnsiY3JlYXRlIjoxODAwMDAwMDAwMDAwLCJkZWxldGUiOjM2MDAwMDAwMDAwMDAsInVwZGF0ZSI6MTgwMDAwMDAwMDAwMH19",
          "dependencies": [
            "aws_security_group.hydra_rds_sg",
            "aws_subnet.hydra_private_subnet_a",
            "aws_subnet.hydra_private_subnet_c",
            "aws_subnet.hydra_private_subnet_d",
            "aws_db_subnet_group.hydra_rds_subnet_group",
            "aws_secretsmanager_secret_version.hydra_rds",
            "aws_rds_cluster_parameter_group.hydra_rds_cluster_parameter_group",
            "aws_secretsmanager_secret.hydra_rds",
            "aws_security_group.hydra_rds_proxy_sg",
            "aws_vpc.hydra_vpc",
            "data.aws_iam_policy_document.hydra_rds_seacret_assume_role",
            "aws_iam_role.hydra_rds_seacret",
            "aws_rds_cluster.hydra_db_cluster"
          ],
          "create_before_destroy": true
        }
      ]
    },
    {
      "mode": "managed",
      "type": "aws_db_proxy_default_target_group",
      "name": "hydra_rds_proxy",
      "provider": "provider[\"registry.terraform.io/hashicorp/aws\"]",
      "instances": [
        {
          "schema_version": 0,
          "attributes": {
            "arn": "arn:aws:rds:ap-northeast-1:616004226956:target-group:prx-tg-06b7e1a7326b29916",
            "connection_pool_config": [
              {
                "connection_borrow_timeout": 120,
                "init_query": "",
                "max_connections_percent": 100,
                "max_idle_connections_percent": 50,
                "session_pinning_filters": []
              }
            ],
            "db_proxy_name": "hydra-rds-proxy",
            "id": "hydra-rds-proxy",
            "name": "default",
            "timeouts": null
          },
          "sensitive_attributes": [],
          "private": "eyJlMmJmYjczMC1lY2FhLTExZTYtOGY4OC0zNDM2M2JjN2M0YzAiOnsiY3JlYXRlIjoxODAwMDAwMDAwMDAwLCJ1cGRhdGUiOjE4MDAwMDAwMDAwMDB9fQ==",
          "dependencies": [
            "aws_security_group.hydra_rds_sg",
            "aws_subnet.hydra_private_subnet_d",
            "aws_iam_role.hydra_rds_seacret",
            "aws_rds_cluster.hydra_db_cluster",
            "aws_rds_cluster_parameter_group.hydra_rds_cluster_parameter_group",
            "aws_secretsmanager_secret.hydra_rds",
            "aws_security_group.hydra_rds_proxy_sg",
            "aws_db_proxy.hydra_rds_proxy",
            "aws_db_subnet_group.hydra_rds_subnet_group",
            "aws_subnet.hydra_private_subnet_a",
            "aws_secretsmanager_secret_version.hydra_rds",
            "aws_subnet.hydra_private_subnet_c",
            "aws_vpc.hydra_vpc",
            "data.aws_iam_policy_document.hydra_rds_seacret_assume_role"
          ]
        }
      ]
    },
    {
      "mode": "managed",
      "type": "aws_db_proxy_target",
      "name": "hydra_rds_proxy",
      "provider": "provider[\"registry.terraform.io/hashicorp/aws\"]",
      "instances": [
        {
          "schema_version": 0,
          "attributes": {
            "db_cluster_identifier": "hydra-db-cluster",
            "db_instance_identifier": null,
            "db_proxy_name": "hydra-rds-proxy",
            "endpoint": "",
            "id": "hydra-rds-proxy/default/TRACKED_CLUSTER/hydra-db-cluster",
            "port": 3306,
            "rds_resource_id": "hydra-db-cluster",
            "target_arn": "",
            "target_group_name": "default",
            "tracked_cluster_id": "",
            "type": "TRACKED_CLUSTER"
          },
          "sensitive_attributes": [],
          "private": "bnVsbA==",
          "dependencies": [
            "aws_rds_cluster.hydra_db_cluster",
            "aws_secretsmanager_secret.hydra_rds",
            "aws_security_group.hydra_rds_proxy_sg",
            "aws_subnet.hydra_private_subnet_a",
            "data.aws_iam_policy_document.hydra_rds_seacret_assume_role",
            "aws_subnet.hydra_private_subnet_d",
            "aws_vpc.hydra_vpc",
            "aws_db_proxy.hydra_rds_proxy",
            "aws_secretsmanager_secret_version.hydra_rds",
            "aws_subnet.hydra_private_subnet_c",
            "aws_db_subnet_group.hydra_rds_subnet_group",
            "aws_iam_role.hydra_rds_seacret",
            "aws_rds_cluster_parameter_group.hydra_rds_cluster_parameter_group",
            "aws_security_group.hydra_rds_sg"
          ],
          "create_before_destroy": true
        }
      ]
    },
    {
      "mode": "managed",
      "type": "aws_db_subnet_group",
      "name": "hydra_rds_subnet_group",
      "provider": "provider[\"registry.terraform.io/hashicorp/aws\"]",
      "instances": [
        {
          "schema_version": 0,
          "attributes": {
            "arn": "arn:aws:rds:ap-northeast-1:616004226956:subgrp:hydra_rds_subnet_group",
            "description": "hydra_rds_subnet_group",
            "id": "hydra_rds_subnet_group",
            "name": "hydra_rds_subnet_group",
            "name_prefix": null,
            "subnet_ids": [
              "subnet-01e6c1e02562fb591",
              "subnet-040b3c60dfab5c8a2",
              "subnet-07656c7fd9529637b"
            ],
            "tags": {},
            "tags_all": {}
          },
          "sensitive_attributes": [],
          "private": "bnVsbA==",
          "dependencies": [
            "aws_subnet.hydra_private_subnet_a",
            "aws_subnet.hydra_private_subnet_c",
            "aws_subnet.hydra_private_subnet_d",
            "aws_vpc.hydra_vpc"
          ],
          "create_before_destroy": true
        }
      ]
    },
    {
      "mode": "managed",
      "type": "aws_ecs_cluster",
      "name": "hydra_ecs_cluster",
      "provider": "provider[\"registry.terraform.io/hashicorp/aws\"]",
      "instances": [
        {
          "schema_version": 0,
          "attributes": {
            "arn": "arn:aws:ecs:ap-northeast-1:616004226956:cluster/hydra_ecs_cluster",
            "capacity_providers": [],
            "configuration": [],
            "default_capacity_provider_strategy": [],
            "id": "arn:aws:ecs:ap-northeast-1:616004226956:cluster/hydra_ecs_cluster",
            "name": "hydra_ecs_cluster",
            "setting": [
              {
                "name": "containerInsights",
                "value": "enabled"
              }
            ],
            "tags": {},
            "tags_all": {}
          },
          "sensitive_attributes": [],
          "private": "bnVsbA=="
        }
      ]
    },
    {
      "mode": "managed",
      "type": "aws_ecs_service",
      "name": "hydra_ecs_service",
      "provider": "provider[\"registry.terraform.io/hashicorp/aws\"]",
      "instances": [
        {
          "schema_version": 0,
          "attributes": {
            "capacity_provider_strategy": [],
            "cluster": "hydra_ecs_cluster",
            "deployment_circuit_breaker": [
              {
                "enable": false,
                "rollback": false
              }
            ],
            "deployment_controller": [
              {
                "type": "ECS"
              }
            ],
            "deployment_maximum_percent": 200,
            "deployment_minimum_healthy_percent": 100,
            "desired_count": 1,
            "enable_ecs_managed_tags": false,
            "enable_execute_command": true,
            "force_new_deployment": null,
            "health_check_grace_period_seconds": 60,
            "iam_role": "aws-service-role",
            "id": "arn:aws:ecs:ap-northeast-1:616004226956:service/hydra_ecs_cluster/hydra_ecs_service",
            "launch_type": "FARGATE",
            "load_balancer": [
              {
                "container_name": "hydra",
                "container_port": 4444,
                "elb_name": "",
                "target_group_arn": "arn:aws:elasticloadbalancing:ap-northeast-1:616004226956:targetgroup/hydra-lb-tg-1/5e0658b7a100e470"
              },
              {
                "container_name": "hydra",
                "container_port": 4445,
                "elb_name": "",
                "target_group_arn": "arn:aws:elasticloadbalancing:ap-northeast-1:616004226956:targetgroup/hydra-lb-tg-2/6a2312b0f2dc9edb"
              }
            ],
            "name": "hydra_ecs_service",
            "network_configuration": [
              {
                "assign_public_ip": true,
                "security_groups": [
                  "sg-03be298b1486709b2"
                ],
                "subnets": [
                  "subnet-0192e6c85f06d2fbe",
                  "subnet-091f1a5b2ae3732fd",
                  "subnet-0b5a7670dda70306b"
                ]
              }
            ],
            "ordered_placement_strategy": [],
            "placement_constraints": [],
            "platform_version": "LATEST",
            "propagate_tags": "NONE",
            "scheduling_strategy": "REPLICA",
            "service_registries": [],
            "tags": {},
            "tags_all": {},
            "task_definition": "arn:aws:ecs:ap-northeast-1:616004226956:task-definition/hydra_ecs_task_definition:10",
            "timeouts": null,
            "wait_for_steady_state": false
          },
          "sensitive_attributes": [],
          "private": "eyJlMmJmYjczMC1lY2FhLTExZTYtOGY4OC0zNDM2M2JjN2M0YzAiOnsiZGVsZXRlIjoxMjAwMDAwMDAwMDAwfX0=",
          "dependencies": [
            "aws_lb.hydra_aws_lb",
            "aws_subnet.hydra_private_subnet_d",
            "aws_subnet.hydra_public_subnet_a",
            "aws_subnet.hydra_public_subnet_d",
            "data.aws_iam_policy_document.assume_role",
            "aws_ecs_task_definition.hydra_ecs_task_definition",
            "aws_security_group.hydra_rds_sg",
            "aws_security_group.hydra_sg",
            "aws_subnet.hydra_private_subnet_c",
            "aws_db_subnet_group.hydra_rds_subnet_group",
            "aws_ecs_cluster.hydra_ecs_cluster",
            "aws_lb_target_group.hydra_lb_tg_2",
            "aws_rds_cluster_parameter_group.hydra_rds_cluster_parameter_group",
            "aws_subnet.hydra_private_subnet_a",
            "aws_vpc.hydra_vpc",
            "aws_iam_role.ecs_task_execution_role",
            "aws_lb_target_group.hydra_lb_tg_1",
            "aws_rds_cluster.hydra_db_cluster",
            "aws_rds_cluster_instance.hydra_db_instance",
            "aws_subnet.hydra_public_subnet_c"
          ]
        }
      ]
    },
    {
      "mode": "managed",
      "type": "aws_ecs_task_definition",
      "name": "hydra_ecs_task_definition",
      "provider": "provider[\"registry.terraform.io/hashicorp/aws\"]",
      "instances": [
        {
          "schema_version": 1,
          "attributes": {
            "arn": "arn:aws:ecs:ap-northeast-1:616004226956:task-definition/hydra_ecs_task_definition:10",
            "container_definitions": "[{\"command\":[\"serve\",\"-c\",\"/etc/config/hydra/hydra.yml\",\"all\",\"--dangerous-force-http\"],\"cpu\":0,\"environment\":[{\"name\":\"ALB\",\"value\":\"hydra-aws-lb-f455d424b17eae09.elb.ap-northeast-1.amazonaws.com\"},{\"name\":\"DSN\",\"value\":\"mysql://hydra:hydra2022@tcp(hydra-db-cluster.cluster-cggh3018flmj.ap-northeast-1.rds.amazonaws.com:3306)/hydra?parseTime=true\"}],\"essential\":true,\"image\":\"616004226956.dkr.ecr.ap-northeast-1.amazonaws.com/hydra_no_env:latest\",\"linuxParameters\":{\"initProcessEnabled\":true},\"logConfiguration\":{\"logDriver\":\"awslogs\",\"options\":{\"awslogs-group\":\"/ecs/hydra_ecs_task_definition\",\"awslogs-region\":\"ap-northeast-1\",\"awslogs-stream-prefix\":\"ecs\"}},\"mountPoints\":[],\"name\":\"hydra\",\"portMappings\":[{\"containerPort\":4444,\"hostPort\":4444,\"protocol\":\"tcp\"},{\"containerPort\":4445,\"hostPort\":4445,\"protocol\":\"tcp\"}],\"volumesFrom\":[]}]",
            "cpu": "256",
            "ephemeral_storage": [],
            "execution_role_arn": "arn:aws:iam::616004226956:role/MyEcsTaskRole",
            "family": "hydra_ecs_task_definition",
            "id": "hydra_ecs_task_definition",
            "inference_accelerator": [],
            "ipc_mode": "",
            "memory": "512",
            "network_mode": "awsvpc",
            "pid_mode": "",
            "placement_constraints": [],
            "proxy_configuration": [],
            "requires_compatibilities": [
              "FARGATE"
            ],
            "revision": 10,
            "runtime_platform": [],
            "skip_destroy": false,
            "tags": {},
            "tags_all": {},
            "task_role_arn": "arn:aws:iam::616004226956:role/MyEcsTaskRole",
            "volume": []
          },
          "sensitive_attributes": [
            [
              {
                "type": "get_attr",
                "value": "container_definitions"
              }
            ]
          ],
          "private": "eyJzY2hlbWFfdmVyc2lvbiI6IjEifQ==",
          "dependencies": [
            "aws_rds_cluster.hydra_db_cluster",
            "aws_subnet.hydra_public_subnet_d",
            "aws_db_subnet_group.hydra_rds_subnet_group",
            "aws_rds_cluster_parameter_group.hydra_rds_cluster_parameter_group",
            "aws_security_group.hydra_rds_sg",
            "aws_subnet.hydra_private_subnet_d",
            "aws_vpc.hydra_vpc",
            "data.aws_iam_policy_document.assume_role",
            "aws_subnet.hydra_private_subnet_a",
            "aws_subnet.hydra_public_subnet_c",
            "aws_iam_role.ecs_task_execution_role",
            "aws_lb.hydra_aws_lb",
            "aws_subnet.hydra_private_subnet_c",
            "aws_subnet.hydra_public_subnet_a"
          ]
        }
      ]
    },
    {
      "mode": "managed",
      "type": "aws_iam_policy",
      "name": "ecs_ssm",
      "provider": "provider[\"registry.terraform.io/hashicorp/aws\"]",
      "instances": [
        {
          "schema_version": 0,
          "attributes": {
            "arn": "arn:aws:iam::616004226956:policy/ecs_ssm",
            "description": "",
            "id": "arn:aws:iam::616004226956:policy/ecs_ssm",
            "name": "ecs_ssm",
            "name_prefix": null,
            "path": "/",
            "policy": "{\"Statement\":[{\"Action\":[\"ssmmessages:CreateControlChannel\",\"ssmmessages:CreateDataChannel\",\"ssmmessages:OpenControlChannel\",\"ssmmessages:OpenDataChannel\"],\"Effect\":\"Allow\",\"Resource\":\"*\"}],\"Version\":\"2012-10-17\"}",
            "policy_id": "ANPAY63FWR6GGUR2JJAMG",
            "tags": {},
            "tags_all": {}
          },
          "sensitive_attributes": [],
          "private": "bnVsbA=="
        }
      ]
    },
    {
      "mode": "managed",
      "type": "aws_iam_policy",
      "name": "hydra_rds_seacret",
      "provider": "provider[\"registry.terraform.io/hashicorp/aws\"]",
      "instances": [
        {
          "schema_version": 0,
          "attributes": {
            "arn": "arn:aws:iam::616004226956:policy/hydra_rds_seacret",
            "description": "",
            "id": "arn:aws:iam::616004226956:policy/hydra_rds_seacret",
            "name": "hydra_rds_seacret",
            "name_prefix": null,
            "path": "/",
            "policy": "{\"Statement\":[{\"Action\":[\"secretsmanager:GetResourcePolicy\",\"secretsmanager:GetSecretValue\",\"secretsmanager:DescribeSecret\",\"secretsmanager:ListSecretVersionIds\"],\"Effect\":\"Allow\",\"Resource\":[\"arn:aws:secretsmanager:ap-northeast-1:616004226956:secret:hydra_rds-uMdmXY\"],\"Sid\":\"VisualEditor0\"}],\"Version\":\"2012-10-17\"}",
            "policy_id": "ANPAY63FWR6GAWLTRXTAF",
            "tags": {},
            "tags_all": {}
          },
          "sensitive_attributes": [],
          "private": "bnVsbA==",
          "dependencies": [
            "aws_secretsmanager_secret.hydra_rds"
          ]
        }
      ]
    },
    {
      "mode": "managed",
      "type": "aws_iam_role",
      "name": "api_facede_iam",
      "provider": "provider[\"registry.terraform.io/hashicorp/aws\"]",
      "instances": [
        {
          "schema_version": 0,
          "attributes": {
            "arn": "arn:aws:iam::616004226956:role/api_facede",
            "assume_role_policy": "{\"Version\":\"2012-10-17\",\"Statement\":[{\"Sid\":\"\",\"Effect\":\"Allow\",\"Principal\":{\"Service\":\"lambda.amazonaws.com\"},\"Action\":\"sts:AssumeRole\"}]}",
            "create_date": "2022-07-19T02:34:20Z",
            "description": "",
            "force_detach_policies": false,
            "id": "api_facede",
            "inline_policy": [
              {
                "name": "",
                "policy": ""
              }
            ],
            "managed_policy_arns": [
              "arn:aws:iam::aws:policy/SecretsManagerReadWrite",
              "arn:aws:iam::aws:policy/service-role/AWSLambdaBasicExecutionRole",
              "arn:aws:iam::aws:policy/service-role/AWSLambdaVPCAccessExecutionRole"
            ],
            "max_session_duration": 3600,
            "name": "api_facede",
            "name_prefix": "",
            "path": "/",
            "permissions_boundary": null,
            "tags": {},
            "tags_all": {},
            "unique_id": "AROAY63FWR6GC4W6OORS4"
          },
          "sensitive_attributes": [],
          "private": "bnVsbA=="
        }
      ]
    },
    {
      "mode": "managed",
      "type": "aws_iam_role",
      "name": "ecs_task_execution_role",
      "provider": "provider[\"registry.terraform.io/hashicorp/aws\"]",
      "instances": [
        {
          "schema_version": 0,
          "attributes": {
            "arn": "arn:aws:iam::616004226956:role/MyEcsTaskRole",
            "assume_role_policy": "{\"Version\":\"2012-10-17\",\"Statement\":[{\"Sid\":\"\",\"Effect\":\"Allow\",\"Principal\":{\"Service\":\"ecs-tasks.amazonaws.com\"},\"Action\":\"sts:AssumeRole\"}]}",
            "create_date": "2022-07-19T02:34:20Z",
            "description": "",
            "force_detach_policies": false,
            "id": "MyEcsTaskRole",
            "inline_policy": [
              {
                "name": "",
                "policy": ""
              }
            ],
            "managed_policy_arns": [
              "arn:aws:iam::616004226956:policy/ecs_ssm",
              "arn:aws:iam::aws:policy/service-role/AmazonECSTaskExecutionRolePolicy"
            ],
            "max_session_duration": 3600,
            "name": "MyEcsTaskRole",
            "name_prefix": "",
            "path": "/",
            "permissions_boundary": null,
            "tags": {},
            "tags_all": {},
            "unique_id": "AROAY63FWR6GDQHEUEWCH"
          },
          "sensitive_attributes": [],
          "private": "bnVsbA==",
          "dependencies": [
            "data.aws_iam_policy_document.assume_role"
          ]
        }
      ]
    },
    {
      "mode": "managed",
      "type": "aws_iam_role",
      "name": "hydra_rds_seacret",
      "provider": "provider[\"registry.terraform.io/hashicorp/aws\"]",
      "instances": [
        {
          "schema_version": 0,
          "attributes": {
            "arn": "arn:aws:iam::616004226956:role/hydra_rds_seacret",
            "assume_role_policy": "{\"Version\":\"2012-10-17\",\"Statement\":[{\"Sid\":\"\",\"Effect\":\"Allow\",\"Principal\":{\"Service\":\"rds.amazonaws.com\"},\"Action\":\"sts:AssumeRole\"}]}",
            "create_date": "2022-07-19T07:04:47Z",
            "description": "",
            "force_detach_policies": false,
            "id": "hydra_rds_seacret",
            "inline_policy": [
              {
                "name": "",
                "policy": ""
              }
            ],
            "managed_policy_arns": [
              "arn:aws:iam::616004226956:policy/hydra_rds_seacret"
            ],
            "max_session_duration": 3600,
            "name": "hydra_rds_seacret",
            "name_prefix": "",
            "path": "/",
            "permissions_boundary": null,
            "tags": {},
            "tags_all": {},
            "unique_id": "AROAY63FWR6GHQY5OQEPR"
          },
          "sensitive_attributes": [],
          "private": "bnVsbA==",
          "dependencies": [
            "data.aws_iam_policy_document.hydra_rds_seacret_assume_role"
          ],
          "create_before_destroy": true
        }
      ]
    },
    {
      "mode": "managed",
      "type": "aws_iam_role_policy_attachment",
      "name": "amazon_ecs_task_execution_role_policy",
      "provider": "provider[\"registry.terraform.io/hashicorp/aws\"]",
      "instances": [
        {
          "schema_version": 0,
          "attributes": {
            "id": "MyEcsTaskRole-20220719023421482900000002",
            "policy_arn": "arn:aws:iam::aws:policy/service-role/AmazonECSTaskExecutionRolePolicy",
            "role": "MyEcsTaskRole"
          },
          "sensitive_attributes": [],
          "private": "bnVsbA==",
          "dependencies": [
            "aws_iam_role.ecs_task_execution_role",
            "data.aws_iam_policy_document.assume_role"
          ]
        }
      ]
    },
    {
      "mode": "managed",
      "type": "aws_iam_role_policy_attachment",
      "name": "amazon_ecs_task_execution_role_policy2",
      "provider": "provider[\"registry.terraform.io/hashicorp/aws\"]",
      "instances": [
        {
          "schema_version": 0,
          "attributes": {
            "id": "MyEcsTaskRole-20220719023421482900000001",
            "policy_arn": "arn:aws:iam::616004226956:policy/ecs_ssm",
            "role": "MyEcsTaskRole"
          },
          "sensitive_attributes": [],
          "private": "bnVsbA==",
          "dependencies": [
            "aws_iam_policy.ecs_ssm",
            "aws_iam_role.ecs_task_execution_role",
            "data.aws_iam_policy_document.assume_role"
          ]
        }
      ]
    },
    {
      "mode": "managed",
      "type": "aws_iam_role_policy_attachment",
      "name": "proxy_execution_role_policy",
      "provider": "provider[\"registry.terraform.io/hashicorp/aws\"]",
      "instances": [
        {
          "schema_version": 0,
          "attributes": {
            "id": "hydra_rds_seacret-20220719070449401800000001",
            "policy_arn": "arn:aws:iam::616004226956:policy/hydra_rds_seacret",
            "role": "hydra_rds_seacret"
          },
          "sensitive_attributes": [],
          "private": "bnVsbA==",
          "dependencies": [
            "aws_iam_policy.hydra_rds_seacret",
            "aws_iam_role.hydra_rds_seacret",
            "aws_secretsmanager_secret.hydra_rds",
            "data.aws_iam_policy_document.hydra_rds_seacret_assume_role"
          ]
        }
      ]
    },
    {
      "mode": "managed",
      "type": "aws_internet_gateway",
      "name": "hydra_igw",
      "provider": "provider[\"registry.terraform.io/hashicorp/aws\"]",
      "instances": [
        {
          "schema_version": 0,
          "attributes": {
            "arn": "arn:aws:ec2:ap-northeast-1:616004226956:internet-gateway/igw-050995457c1ca983a",
            "id": "igw-050995457c1ca983a",
            "owner_id": "616004226956",
            "tags": {
              "Name": "hydra_igw"
            },
            "tags_all": {
              "Name": "hydra_igw"
            },
            "vpc_id": "vpc-06740a3dc1f56d4b1"
          },
          "sensitive_attributes": [],
          "private": "bnVsbA==",
          "dependencies": [
            "aws_vpc.hydra_vpc"
          ]
        }
      ]
    },
    {
      "mode": "managed",
      "type": "aws_lambda_function",
      "name": "api_facede",
      "provider": "provider[\"registry.terraform.io/hashicorp/aws\"]",
      "instances": [
        {
          "schema_version": 0,
          "attributes": {
            "architectures": [
              "x86_64"
            ],
            "arn": "arn:aws:lambda:ap-northeast-1:616004226956:function:api_facede",
            "code_signing_config_arn": "",
            "dead_letter_config": [],
            "description": "",
            "environment": [],
            "ephemeral_storage": [
              {
                "size": 512
              }
            ],
            "file_system_config": [],
            "filename": null,
            "function_name": "api_facede",
            "handler": "api_facede",
            "id": "api_facede",
            "image_config": [],
            "image_uri": "",
            "invoke_arn": "arn:aws:apigateway:ap-northeast-1:lambda:path/2015-03-31/functions/arn:aws:lambda:ap-northeast-1:616004226956:function:api_facede/invocations",
            "kms_key_arn": "",
            "last_modified": "2022-07-19T17:13:20.000+0000",
            "layers": [],
            "memory_size": 128,
            "package_type": "Zip",
            "publish": false,
            "qualified_arn": "arn:aws:lambda:ap-northeast-1:616004226956:function:api_facede:$LATEST",
            "reserved_concurrent_executions": -1,
            "role": "arn:aws:iam::616004226956:role/api_facede",
            "runtime": "go1.x",
            "s3_bucket": "api-facede-assets",
            "s3_key": "archive/api_facede.zip",
            "s3_object_version": null,
            "signing_job_arn": "",
            "signing_profile_version_arn": "",
            "source_code_hash": "9QcPI+Vqajxa0Sup+c75ntUOavuT15GM+CoA91I6eFs=",
            "source_code_size": 11290842,
            "tags": {},
            "tags_all": {},
            "timeout": 10,
            "timeouts": null,
            "tracing_config": [
              {
                "mode": "PassThrough"
              }
            ],
            "version": "$LATEST",
            "vpc_config": [
              {
                "security_group_ids": [
                  "sg-02043ac24ff595197"
                ],
                "subnet_ids": [
                  "subnet-0875b8076a230ad28",
                  "subnet-095e6d21f3b494b4b",
                  "subnet-0df7a84c9153387aa"
                ],
                "vpc_id": "vpc-06740a3dc1f56d4b1"
              }
            ]
          },
          "sensitive_attributes": [],
          "private": "eyJlMmJmYjczMC1lY2FhLTExZTYtOGY4OC0zNDM2M2JjN2M0YzAiOnsiY3JlYXRlIjo2MDAwMDAwMDAwMDB9fQ==",
          "dependencies": [
            "aws_db_proxy_target.hydra_rds_proxy",
            "aws_iam_role.api_facede_iam",
            "aws_s3_bucket.api_facede_assets",
            "aws_security_group.api_facede_sg",
            "aws_security_group_rule.api_facede_sg",
            "aws_subnet.api_facede_subnet_a",
            "aws_subnet.api_facede_subnet_c",
            "aws_subnet.api_facede_subnet_d",
            "data.aws_s3_object.golang_zip",
            "data.aws_s3_object.golang_zip_hash",
            "null_resource.lambda_build3"
          ]
        }
      ]
    },
    {
      "mode": "managed",
      "type": "aws_lambda_permission",
      "name": "api_facede",
      "provider": "provider[\"registry.terraform.io/hashicorp/aws\"]",
      "instances": [
        {
          "schema_version": 0,
          "attributes": {
            "action": "lambda:InvokeFunction",
            "event_source_token": null,
            "function_name": "api_facede",
            "function_url_auth_type": null,
            "id": "terraform-20220719023642700100000003",
            "principal": "apigateway.amazonaws.com",
            "principal_org_id": null,
            "qualifier": "",
            "source_account": null,
            "source_arn": "arn:aws:execute-api:ap-northeast-1:616004226956:m3caebw2oj/*/GET/api_facede",
            "statement_id": "terraform-20220719023642700100000003",
            "statement_id_prefix": "terraform-"
          },
          "sensitive_attributes": [],
          "private": "bnVsbA==",
          "dependencies": [
            "aws_api_gateway_method.api_facede",
            "aws_api_gateway_resource.api_facede",
            "aws_api_gateway_rest_api.api_facede",
            "aws_db_proxy.hydra_rds_proxy",
            "aws_db_proxy_target.hydra_rds_proxy",
            "aws_db_subnet_group.hydra_rds_subnet_group",
            "aws_iam_role.api_facede_iam",
            "aws_iam_role.hydra_rds_seacret",
            "aws_lambda_function.api_facede",
            "aws_rds_cluster.hydra_db_cluster",
            "aws_rds_cluster_parameter_group.hydra_rds_cluster_parameter_group",
            "aws_s3_bucket.api_facede_assets",
            "aws_secretsmanager_secret.hydra_rds",
            "aws_secretsmanager_secret_version.hydra_rds",
            "aws_security_group.api_facede_sg",
            "aws_security_group.hydra_rds_proxy_sg",
            "aws_security_group.hydra_rds_sg",
            "aws_security_group_rule.api_facede_sg",
            "aws_subnet.api_facede_subnet_a",
            "aws_subnet.api_facede_subnet_c",
            "aws_subnet.api_facede_subnet_d",
            "aws_subnet.hydra_private_subnet_a",
            "aws_subnet.hydra_private_subnet_c",
            "aws_subnet.hydra_private_subnet_d",
            "aws_vpc.hydra_vpc",
            "data.aws_iam_policy_document.hydra_rds_seacret_assume_role",
            "data.aws_s3_object.golang_zip",
            "data.aws_s3_object.golang_zip_hash",
            "null_resource.lambda_build3"
          ]
        }
      ]
    },
    {
      "mode": "managed",
      "type": "aws_lb",
      "name": "hydra_aws_lb",
      "provider": "provider[\"registry.terraform.io/hashicorp/aws\"]",
      "instances": [
        {
          "schema_version": 0,
          "attributes": {
            "access_logs": [
              {
                "bucket": "",
                "enabled": false,
                "prefix": ""
              }
            ],
            "arn": "arn:aws:elasticloadbalancing:ap-northeast-1:616004226956:loadbalancer/net/hydra-aws-lb/f455d424b17eae09",
            "arn_suffix": "net/hydra-aws-lb/f455d424b17eae09",
            "customer_owned_ipv4_pool": "",
            "desync_mitigation_mode": null,
            "dns_name": "hydra-aws-lb-f455d424b17eae09.elb.ap-northeast-1.amazonaws.com",
            "drop_invalid_header_fields": null,
            "enable_cross_zone_load_balancing": false,
            "enable_deletion_protection": false,
            "enable_http2": null,
            "enable_waf_fail_open": null,
            "id": "arn:aws:elasticloadbalancing:ap-northeast-1:616004226956:loadbalancer/net/hydra-aws-lb/f455d424b17eae09",
            "idle_timeout": null,
            "internal": false,
            "ip_address_type": "ipv4",
            "load_balancer_type": "network",
            "name": "hydra-aws-lb",
            "name_prefix": null,
            "security_groups": [],
            "subnet_mapping": [
              {
                "allocation_id": "",
                "ipv6_address": "",
                "outpost_id": "",
                "private_ipv4_address": "",
                "subnet_id": "subnet-0192e6c85f06d2fbe"
              },
              {
                "allocation_id": "",
                "ipv6_address": "",
                "outpost_id": "",
                "private_ipv4_address": "",
                "subnet_id": "subnet-091f1a5b2ae3732fd"
              },
              {
                "allocation_id": "",
                "ipv6_address": "",
                "outpost_id": "",
                "private_ipv4_address": "",
                "subnet_id": "subnet-0b5a7670dda70306b"
              }
            ],
            "subnets": [
              "subnet-0192e6c85f06d2fbe",
              "subnet-091f1a5b2ae3732fd",
              "subnet-0b5a7670dda70306b"
            ],
            "tags": {},
            "tags_all": {},
            "timeouts": null,
            "vpc_id": "vpc-06740a3dc1f56d4b1",
            "zone_id": "Z31USIVHYNEOWT"
          },
          "sensitive_attributes": [],
          "private": "eyJlMmJmYjczMC1lY2FhLTExZTYtOGY4OC0zNDM2M2JjN2M0YzAiOnsiY3JlYXRlIjo2MDAwMDAwMDAwMDAsImRlbGV0ZSI6NjAwMDAwMDAwMDAwLCJ1cGRhdGUiOjYwMDAwMDAwMDAwMH19",
          "dependencies": [
            "aws_subnet.hydra_public_subnet_d",
            "aws_vpc.hydra_vpc",
            "aws_subnet.hydra_public_subnet_a",
            "aws_subnet.hydra_public_subnet_c"
          ]
        }
      ]
    },
    {
      "mode": "managed",
      "type": "aws_lb_listener",
      "name": "hydra_lb_listener_1",
      "provider": "provider[\"registry.terraform.io/hashicorp/aws\"]",
      "instances": [
        {
          "schema_version": 0,
          "attributes": {
            "alpn_policy": null,
            "arn": "arn:aws:elasticloadbalancing:ap-northeast-1:616004226956:listener/net/hydra-aws-lb/f455d424b17eae09/01e765e57cffde7a",
            "certificate_arn": null,
            "default_action": [
              {
                "authenticate_cognito": [],
                "authenticate_oidc": [],
                "fixed_response": [],
                "forward": [],
                "order": 1,
                "redirect": [],
                "target_group_arn": "arn:aws:elasticloadbalancing:ap-northeast-1:616004226956:targetgroup/hydra-lb-tg-1/5e0658b7a100e470",
                "type": "forward"
              }
            ],
            "id": "arn:aws:elasticloadbalancing:ap-northeast-1:616004226956:listener/net/hydra-aws-lb/f455d424b17eae09/01e765e57cffde7a",
            "load_balancer_arn": "arn:aws:elasticloadbalancing:ap-northeast-1:616004226956:loadbalancer/net/hydra-aws-lb/f455d424b17eae09",
            "port": 4444,
            "protocol": "TCP",
            "ssl_policy": "",
            "tags": {},
            "tags_all": {},
            "timeouts": null
          },
          "sensitive_attributes": [],
          "private": "eyJlMmJmYjczMC1lY2FhLTExZTYtOGY4OC0zNDM2M2JjN2M0YzAiOnsicmVhZCI6NjAwMDAwMDAwMDAwfX0=",
          "dependencies": [
            "aws_lb.hydra_aws_lb",
            "aws_lb_target_group.hydra_lb_tg_1",
            "aws_subnet.hydra_public_subnet_a",
            "aws_subnet.hydra_public_subnet_c",
            "aws_subnet.hydra_public_subnet_d",
            "aws_vpc.hydra_vpc"
          ]
        }
      ]
    },
    {
      "mode": "managed",
      "type": "aws_lb_listener",
      "name": "hydra_lb_listener_2",
      "provider": "provider[\"registry.terraform.io/hashicorp/aws\"]",
      "instances": [
        {
          "schema_version": 0,
          "attributes": {
            "alpn_policy": null,
            "arn": "arn:aws:elasticloadbalancing:ap-northeast-1:616004226956:listener/net/hydra-aws-lb/f455d424b17eae09/c9da67f650a2bc8f",
            "certificate_arn": null,
            "default_action": [
              {
                "authenticate_cognito": [],
                "authenticate_oidc": [],
                "fixed_response": [],
                "forward": [],
                "order": 1,
                "redirect": [],
                "target_group_arn": "arn:aws:elasticloadbalancing:ap-northeast-1:616004226956:targetgroup/hydra-lb-tg-2/6a2312b0f2dc9edb",
                "type": "forward"
              }
            ],
            "id": "arn:aws:elasticloadbalancing:ap-northeast-1:616004226956:listener/net/hydra-aws-lb/f455d424b17eae09/c9da67f650a2bc8f",
            "load_balancer_arn": "arn:aws:elasticloadbalancing:ap-northeast-1:616004226956:loadbalancer/net/hydra-aws-lb/f455d424b17eae09",
            "port": 4445,
            "protocol": "TCP",
            "ssl_policy": "",
            "tags": {},
            "tags_all": {},
            "timeouts": null
          },
          "sensitive_attributes": [],
          "private": "eyJlMmJmYjczMC1lY2FhLTExZTYtOGY4OC0zNDM2M2JjN2M0YzAiOnsicmVhZCI6NjAwMDAwMDAwMDAwfX0=",
          "dependencies": [
            "aws_lb.hydra_aws_lb",
            "aws_lb_target_group.hydra_lb_tg_2",
            "aws_subnet.hydra_public_subnet_a",
            "aws_subnet.hydra_public_subnet_c",
            "aws_subnet.hydra_public_subnet_d",
            "aws_vpc.hydra_vpc"
          ]
        }
      ]
    },
    {
      "mode": "managed",
      "type": "aws_lb_target_group",
      "name": "hydra_lb_tg_1",
      "provider": "provider[\"registry.terraform.io/hashicorp/aws\"]",
      "instances": [
        {
          "schema_version": 0,
          "attributes": {
            "arn": "arn:aws:elasticloadbalancing:ap-northeast-1:616004226956:targetgroup/hydra-lb-tg-1/5e0658b7a100e470",
            "arn_suffix": "targetgroup/hydra-lb-tg-1/5e0658b7a100e470",
            "connection_termination": false,
            "deregistration_delay": "300",
            "health_check": [
              {
                "enabled": true,
                "healthy_threshold": 3,
                "interval": 30,
                "matcher": "",
                "path": "",
                "port": "traffic-port",
                "protocol": "TCP",
                "timeout": 10,
                "unhealthy_threshold": 3
              }
            ],
            "id": "arn:aws:elasticloadbalancing:ap-northeast-1:616004226956:targetgroup/hydra-lb-tg-1/5e0658b7a100e470",
            "lambda_multi_value_headers_enabled": false,
            "load_balancing_algorithm_type": null,
            "name": "hydra-lb-tg-1",
            "name_prefix": null,
            "port": 4444,
            "preserve_client_ip": "false",
            "protocol": "TCP",
            "protocol_version": null,
            "proxy_protocol_v2": false,
            "slow_start": 0,
            "stickiness": [
              {
                "cookie_duration": 0,
                "cookie_name": "",
                "enabled": false,
                "type": "source_ip"
              }
            ],
            "tags": {},
            "tags_all": {},
            "target_type": "ip",
            "vpc_id": "vpc-06740a3dc1f56d4b1"
          },
          "sensitive_attributes": [],
          "private": "bnVsbA==",
          "dependencies": [
            "aws_vpc.hydra_vpc"
          ]
        }
      ]
    },
    {
      "mode": "managed",
      "type": "aws_lb_target_group",
      "name": "hydra_lb_tg_2",
      "provider": "provider[\"registry.terraform.io/hashicorp/aws\"]",
      "instances": [
        {
          "schema_version": 0,
          "attributes": {
            "arn": "arn:aws:elasticloadbalancing:ap-northeast-1:616004226956:targetgroup/hydra-lb-tg-2/6a2312b0f2dc9edb",
            "arn_suffix": "targetgroup/hydra-lb-tg-2/6a2312b0f2dc9edb",
            "connection_termination": false,
            "deregistration_delay": "300",
            "health_check": [
              {
                "enabled": true,
                "healthy_threshold": 3,
                "interval": 30,
                "matcher": "",
                "path": "",
                "port": "traffic-port",
                "protocol": "TCP",
                "timeout": 10,
                "unhealthy_threshold": 3
              }
            ],
            "id": "arn:aws:elasticloadbalancing:ap-northeast-1:616004226956:targetgroup/hydra-lb-tg-2/6a2312b0f2dc9edb",
            "lambda_multi_value_headers_enabled": false,
            "load_balancing_algorithm_type": null,
            "name": "hydra-lb-tg-2",
            "name_prefix": null,
            "port": 4445,
            "preserve_client_ip": "false",
            "protocol": "TCP",
            "protocol_version": null,
            "proxy_protocol_v2": false,
            "slow_start": 0,
            "stickiness": [
              {
                "cookie_duration": 0,
                "cookie_name": "",
                "enabled": false,
                "type": "source_ip"
              }
            ],
            "tags": {},
            "tags_all": {},
            "target_type": "ip",
            "vpc_id": "vpc-06740a3dc1f56d4b1"
          },
          "sensitive_attributes": [],
          "private": "bnVsbA==",
          "dependencies": [
            "aws_vpc.hydra_vpc"
          ]
        }
      ]
    },
    {
      "mode": "managed",
      "type": "aws_main_route_table_association",
      "name": "hydra_rt_vpc",
      "provider": "provider[\"registry.terraform.io/hashicorp/aws\"]",
      "instances": [
        {
          "schema_version": 0,
          "attributes": {
            "id": "rtbassoc-04f0b0ff4ddfe729c",
            "original_route_table_id": "rtb-03d198c0953bccaad",
            "route_table_id": "rtb-046b88ea19fe67e72",
            "vpc_id": "vpc-06740a3dc1f56d4b1"
          },
          "sensitive_attributes": [],
          "private": "bnVsbA==",
          "dependencies": [
            "aws_internet_gateway.hydra_igw",
            "aws_route_table.hydra_rt",
            "aws_vpc.hydra_vpc"
          ]
        }
      ]
    },
    {
      "mode": "managed",
      "type": "aws_rds_cluster",
      "name": "hydra_db_cluster",
      "provider": "provider[\"registry.terraform.io/hashicorp/aws\"]",
      "instances": [
        {
          "schema_version": 0,
          "attributes": {
            "allocated_storage": 1,
            "allow_major_version_upgrade": null,
            "apply_immediately": true,
            "arn": "arn:aws:rds:ap-northeast-1:616004226956:cluster:hydra-db-cluster",
            "availability_zones": [
              "ap-northeast-1a",
              "ap-northeast-1c",
              "ap-northeast-1d"
            ],
            "backtrack_window": 0,
            "backup_retention_period": 15,
            "cluster_identifier": "hydra-db-cluster",
            "cluster_identifier_prefix": null,
            "cluster_members": [
              "hydra-db-instance"
            ],
            "cluster_resource_id": "cluster-M7PWLNUNM5MVYDEVNLSNI2G2SA",
            "copy_tags_to_snapshot": false,
            "database_name": "hydra",
            "db_cluster_instance_class": "",
            "db_cluster_parameter_group_name": "hydra-rds-cluster-parameter-group",
            "db_instance_parameter_group_name": null,
            "db_subnet_group_name": "hydra_rds_subnet_group",
            "deletion_protection": false,
            "enable_global_write_forwarding": false,
            "enable_http_endpoint": false,
            "enabled_cloudwatch_logs_exports": [],
            "endpoint": "hydra-db-cluster.cluster-cggh3018flmj.ap-northeast-1.rds.amazonaws.com",
            "engine": "aurora-mysql",
            "engine_mode": "provisioned",
            "engine_version": "8.0.mysql_aurora.3.01.0",
            "engine_version_actual": "8.0.mysql_aurora.3.01.0",
            "final_snapshot_identifier": null,
            "global_cluster_identifier": "",
            "hosted_zone_id": "Z24O6O9L7SGTNB",
            "iam_database_authentication_enabled": false,
            "iam_roles": [],
            "id": "hydra-db-cluster",
            "iops": 0,
            "kms_key_id": "",
            "master_password": "hydra2022",
            "master_username": "hydra",
            "port": 3306,
            "preferred_backup_window": "18:00-20:00",
            "preferred_maintenance_window": "mon:14:32-mon:15:02",
            "reader_endpoint": "hydra-db-cluster.cluster-ro-cggh3018flmj.ap-northeast-1.rds.amazonaws.com",
            "replication_source_identifier": "",
            "restore_to_point_in_time": [],
            "s3_import": [],
            "scaling_configuration": [],
            "serverlessv2_scaling_configuration": [],
            "skip_final_snapshot": true,
            "snapshot_identifier": null,
            "source_region": null,
            "storage_encrypted": false,
            "storage_type": "",
            "tags": {},
            "tags_all": {},
            "timeouts": null,
            "vpc_security_group_ids": [
              "sg-0cdf06014fc4d2a42"
            ]
          },
          "sensitive_attributes": [],
          "private": "eyJlMmJmYjczMC1lY2FhLTExZTYtOGY4OC0zNDM2M2JjN2M0YzAiOnsiY3JlYXRlIjo3MjAwMDAwMDAwMDAwLCJkZWxldGUiOjcyMDAwMDAwMDAwMDAsInVwZGF0ZSI6NzIwMDAwMDAwMDAwMH19",
          "dependencies": [
            "aws_subnet.hydra_private_subnet_d",
            "aws_vpc.hydra_vpc",
            "aws_db_subnet_group.hydra_rds_subnet_group",
            "aws_rds_cluster_parameter_group.hydra_rds_cluster_parameter_group",
            "aws_security_group.hydra_rds_sg",
            "aws_subnet.hydra_private_subnet_a",
            "aws_subnet.hydra_private_subnet_c"
          ],
          "create_before_destroy": true
        }
      ]
    },
    {
      "mode": "managed",
      "type": "aws_rds_cluster_instance",
      "name": "hydra_db_instance",
      "provider": "provider[\"registry.terraform.io/hashicorp/aws\"]",
      "instances": [
        {
          "index_key": 0,
          "schema_version": 0,
          "attributes": {
            "apply_immediately": null,
            "arn": "arn:aws:rds:ap-northeast-1:616004226956:db:hydra-db-instance",
            "auto_minor_version_upgrade": true,
            "availability_zone": "ap-northeast-1c",
            "ca_cert_identifier": "rds-ca-2019",
            "cluster_identifier": "hydra-db-cluster",
            "copy_tags_to_snapshot": false,
            "db_parameter_group_name": "default.aurora-mysql8.0",
            "db_subnet_group_name": "hydra_rds_subnet_group",
            "dbi_resource_id": "db-NFKEDHNOBRBGZZ2E4UULDIM5CQ",
            "endpoint": "hydra-db-instance.cggh3018flmj.ap-northeast-1.rds.amazonaws.com",
            "engine": "aurora-mysql",
            "engine_version": "8.0.mysql_aurora.3.01.0",
            "engine_version_actual": "8.0.mysql_aurora.3.01.0",
            "id": "hydra-db-instance",
            "identifier": "hydra-db-instance",
            "identifier_prefix": null,
            "instance_class": "db.t3.medium",
            "kms_key_id": "",
            "monitoring_interval": 0,
            "monitoring_role_arn": "",
            "performance_insights_enabled": false,
            "performance_insights_kms_key_id": "",
            "performance_insights_retention_period": 0,
            "port": 3306,
            "preferred_backup_window": "18:00-20:00",
            "preferred_maintenance_window": "fri:14:43-fri:15:13",
            "promotion_tier": 0,
            "publicly_accessible": true,
            "storage_encrypted": false,
            "tags": {},
            "tags_all": {},
            "timeouts": null,
            "writer": true
          },
          "sensitive_attributes": [],
          "private": "eyJlMmJmYjczMC1lY2FhLTExZTYtOGY4OC0zNDM2M2JjN2M0YzAiOnsiY3JlYXRlIjo1NDAwMDAwMDAwMDAwLCJkZWxldGUiOjU0MDAwMDAwMDAwMDAsInVwZGF0ZSI6NTQwMDAwMDAwMDAwMH19",
          "dependencies": [
            "aws_rds_cluster.hydra_db_cluster",
            "aws_rds_cluster_parameter_group.hydra_rds_cluster_parameter_group",
            "aws_security_group.hydra_rds_sg",
            "aws_subnet.hydra_private_subnet_a",
            "aws_subnet.hydra_private_subnet_c",
            "aws_subnet.hydra_private_subnet_d",
            "aws_vpc.hydra_vpc",
            "aws_db_subnet_group.hydra_rds_subnet_group"
          ]
        }
      ]
    },
    {
      "mode": "managed",
      "type": "aws_rds_cluster_parameter_group",
      "name": "hydra_rds_cluster_parameter_group",
      "provider": "provider[\"registry.terraform.io/hashicorp/aws\"]",
      "instances": [
        {
          "schema_version": 0,
          "attributes": {
            "arn": "arn:aws:rds:ap-northeast-1:616004226956:cluster-pg:hydra-rds-cluster-parameter-group",
            "description": "Managed by Terraform",
            "family": "aurora-mysql8.0",
            "id": "hydra-rds-cluster-parameter-group",
            "name": "hydra-rds-cluster-parameter-group",
            "name_prefix": "",
            "parameter": [
              {
                "apply_method": "immediate",
                "name": "character_set_client",
                "value": "utf8mb4"
              },
              {
                "apply_method": "immediate",
                "name": "character_set_connection",
                "value": "utf8mb4"
              },
              {
                "apply_method": "immediate",
                "name": "character_set_database",
                "value": "utf8mb4"
              },
              {
                "apply_method": "immediate",
                "name": "character_set_filesystem",
                "value": "utf8mb4"
              },
              {
                "apply_method": "immediate",
                "name": "character_set_results",
                "value": "utf8mb4"
              },
              {
                "apply_method": "immediate",
                "name": "character_set_server",
                "value": "utf8mb4"
              },
              {
                "apply_method": "immediate",
                "name": "collation_connection",
                "value": "utf8mb4_general_ci"
              },
              {
                "apply_method": "immediate",
                "name": "collation_server",
                "value": "utf8mb4_general_ci"
              },
              {
                "apply_method": "immediate",
                "name": "time_zone",
                "value": "Asia/Tokyo"
              }
            ],
            "tags": {},
            "tags_all": {}
          },
          "sensitive_attributes": [],
          "private": "bnVsbA==",
          "create_before_destroy": true
        }
      ]
    },
    {
      "mode": "managed",
      "type": "aws_route_table",
      "name": "hydra_rt",
      "provider": "provider[\"registry.terraform.io/hashicorp/aws\"]",
      "instances": [
        {
          "schema_version": 0,
          "attributes": {
            "arn": "arn:aws:ec2:ap-northeast-1:616004226956:route-table/rtb-046b88ea19fe67e72",
            "id": "rtb-046b88ea19fe67e72",
            "owner_id": "616004226956",
            "propagating_vgws": [],
            "route": [
              {
                "carrier_gateway_id": "",
                "cidr_block": "0.0.0.0/0",
                "core_network_arn": "",
                "destination_prefix_list_id": "",
                "egress_only_gateway_id": "",
                "gateway_id": "igw-050995457c1ca983a",
                "instance_id": "",
                "ipv6_cidr_block": "",
                "local_gateway_id": "",
                "nat_gateway_id": "",
                "network_interface_id": "",
                "transit_gateway_id": "",
                "vpc_endpoint_id": "",
                "vpc_peering_connection_id": ""
              }
            ],
            "tags": {
              "Name": "hydra_rt"
            },
            "tags_all": {
              "Name": "hydra_rt"
            },
            "timeouts": null,
            "vpc_id": "vpc-06740a3dc1f56d4b1"
          },
          "sensitive_attributes": [],
          "private": "eyJlMmJmYjczMC1lY2FhLTExZTYtOGY4OC0zNDM2M2JjN2M0YzAiOnsiY3JlYXRlIjozMDAwMDAwMDAwMDAsImRlbGV0ZSI6MzAwMDAwMDAwMDAwLCJ1cGRhdGUiOjEyMDAwMDAwMDAwMH19",
          "dependencies": [
            "aws_internet_gateway.hydra_igw",
            "aws_vpc.hydra_vpc"
          ]
        }
      ]
    },
    {
      "mode": "managed",
      "type": "aws_route_table_association",
      "name": "hydra_rt_public_subnet_a",
      "provider": "provider[\"registry.terraform.io/hashicorp/aws\"]",
      "instances": [
        {
          "schema_version": 0,
          "attributes": {
            "gateway_id": "",
            "id": "rtbassoc-0de8c7e243faf82ec",
            "route_table_id": "rtb-046b88ea19fe67e72",
            "subnet_id": "subnet-0192e6c85f06d2fbe"
          },
          "sensitive_attributes": [],
          "private": "bnVsbA==",
          "dependencies": [
            "aws_internet_gateway.hydra_igw",
            "aws_route_table.hydra_rt",
            "aws_subnet.hydra_public_subnet_a",
            "aws_vpc.hydra_vpc"
          ]
        }
      ]
    },
    {
      "mode": "managed",
      "type": "aws_route_table_association",
      "name": "hydra_rt_public_subnet_c",
      "provider": "provider[\"registry.terraform.io/hashicorp/aws\"]",
      "instances": [
        {
          "schema_version": 0,
          "attributes": {
            "gateway_id": "",
            "id": "rtbassoc-021a1d40d681a6f1c",
            "route_table_id": "rtb-046b88ea19fe67e72",
            "subnet_id": "subnet-0b5a7670dda70306b"
          },
          "sensitive_attributes": [],
          "private": "bnVsbA==",
          "dependencies": [
            "aws_route_table.hydra_rt",
            "aws_subnet.hydra_public_subnet_c",
            "aws_vpc.hydra_vpc",
            "aws_internet_gateway.hydra_igw"
          ]
        }
      ]
    },
    {
      "mode": "managed",
      "type": "aws_route_table_association",
      "name": "hydra_rt_public_subnet_d",
      "provider": "provider[\"registry.terraform.io/hashicorp/aws\"]",
      "instances": [
        {
          "schema_version": 0,
          "attributes": {
            "gateway_id": "",
            "id": "rtbassoc-02ce7ce8f1e304934",
            "route_table_id": "rtb-046b88ea19fe67e72",
            "subnet_id": "subnet-091f1a5b2ae3732fd"
          },
          "sensitive_attributes": [],
          "private": "bnVsbA==",
          "dependencies": [
            "aws_subnet.hydra_public_subnet_d",
            "aws_vpc.hydra_vpc",
            "aws_internet_gateway.hydra_igw",
            "aws_route_table.hydra_rt"
          ]
        }
      ]
    },
    {
      "mode": "managed",
      "type": "aws_s3_bucket",
      "name": "api_facede_assets",
      "provider": "provider[\"registry.terraform.io/hashicorp/aws\"]",
      "instances": [
        {
          "schema_version": 0,
          "attributes": {
            "acceleration_status": "",
            "acl": null,
            "arn": "arn:aws:s3:::api-facede-assets",
            "bucket": "api-facede-assets",
            "bucket_domain_name": "api-facede-assets.s3.amazonaws.com",
            "bucket_prefix": null,
            "bucket_regional_domain_name": "api-facede-assets.s3.ap-northeast-1.amazonaws.com",
            "cors_rule": [],
            "force_destroy": false,
            "grant": [
              {
                "id": "79941892d4b1b9bd1b02fd4a833b857aee7645efcd1288d9a169960625aa00b6",
                "permissions": [
                  "FULL_CONTROL"
                ],
                "type": "CanonicalUser",
                "uri": ""
              }
            ],
            "hosted_zone_id": "Z2M4EHUR26P7ZW",
            "id": "api-facede-assets",
            "lifecycle_rule": [],
            "logging": [],
            "object_lock_configuration": [],
            "object_lock_enabled": false,
            "policy": "",
            "region": "ap-northeast-1",
            "replication_configuration": [],
            "request_payer": "BucketOwner",
            "server_side_encryption_configuration": [
              {
                "rule": [
                  {
                    "apply_server_side_encryption_by_default": [
                      {
                        "kms_master_key_id": "",
                        "sse_algorithm": "AES256"
                      }
                    ],
                    "bucket_key_enabled": false
                  }
                ]
              }
            ],
            "tags": {},
            "tags_all": {},
            "versioning": [
              {
                "enabled": false,
                "mfa_delete": false
              }
            ],
            "website": [],
            "website_domain": null,
            "website_endpoint": null
          },
          "sensitive_attributes": [],
          "private": "bnVsbA==",
          "create_before_destroy": true
        }
      ]
    },
    {
      "mode": "managed",
      "type": "aws_s3_bucket_acl",
      "name": "api_facede_assets",
      "provider": "provider[\"registry.terraform.io/hashicorp/aws\"]",
      "instances": [
        {
          "schema_version": 0,
          "attributes": {
            "access_control_policy": [
              {
                "grant": [
                  {
                    "grantee": [
                      {
                        "display_name": "aws+sandbox-shibata-ryo",
                        "email_address": "",
                        "id": "79941892d4b1b9bd1b02fd4a833b857aee7645efcd1288d9a169960625aa00b6",
                        "type": "CanonicalUser",
                        "uri": ""
                      }
                    ],
                    "permission": "FULL_CONTROL"
                  }
                ],
                "owner": [
                  {
                    "display_name": "aws+sandbox-shibata-ryo",
                    "id": "79941892d4b1b9bd1b02fd4a833b857aee7645efcd1288d9a169960625aa00b6"
                  }
                ]
              }
            ],
            "acl": "private",
            "bucket": "api-facede-assets",
            "expected_bucket_owner": "",
            "id": "api-facede-assets,private"
          },
          "sensitive_attributes": [],
          "private": "bnVsbA==",
          "dependencies": [
            "aws_s3_bucket.api_facede_assets"
          ]
        }
      ]
    },
    {
      "mode": "managed",
      "type": "aws_s3_bucket_public_access_block",
      "name": "api_facede_assets",
      "provider": "provider[\"registry.terraform.io/hashicorp/aws\"]",
      "instances": [
        {
          "schema_version": 0,
          "attributes": {
            "block_public_acls": true,
            "block_public_policy": true,
            "bucket": "api-facede-assets",
            "id": "api-facede-assets",
            "ignore_public_acls": true,
            "restrict_public_buckets": true
          },
          "sensitive_attributes": [],
          "private": "bnVsbA==",
          "dependencies": [
            "aws_s3_bucket.api_facede_assets"
          ]
        }
      ]
    },
    {
      "mode": "managed",
      "type": "aws_s3_bucket_server_side_encryption_configuration",
      "name": "api_facede_assets",
      "provider": "provider[\"registry.terraform.io/hashicorp/aws\"]",
      "instances": [
        {
          "schema_version": 0,
          "attributes": {
            "bucket": "api-facede-assets",
            "expected_bucket_owner": "",
            "id": "api-facede-assets",
            "rule": [
              {
                "apply_server_side_encryption_by_default": [
                  {
                    "kms_master_key_id": "",
                    "sse_algorithm": "AES256"
                  }
                ],
                "bucket_key_enabled": false
              }
            ]
          },
          "sensitive_attributes": [],
          "private": "bnVsbA==",
          "dependencies": [
            "aws_s3_bucket.api_facede_assets"
          ]
        }
      ]
    },
    {
      "mode": "managed",
      "type": "aws_secretsmanager_secret",
      "name": "hydra_rds",
      "provider": "provider[\"registry.terraform.io/hashicorp/aws\"]",
      "instances": [
        {
          "schema_version": 0,
          "attributes": {
            "arn": "arn:aws:secretsmanager:ap-northeast-1:616004226956:secret:hydra_rds-uMdmXY",
            "description": "",
            "force_overwrite_replica_secret": false,
            "id": "arn:aws:secretsmanager:ap-northeast-1:616004226956:secret:hydra_rds-uMdmXY",
            "kms_key_id": "",
            "name": "hydra_rds",
            "name_prefix": "",
            "policy": "",
            "recovery_window_in_days": 30,
            "replica": [],
            "rotation_enabled": false,
            "rotation_lambda_arn": "",
            "rotation_rules": [],
            "tags": {},
            "tags_all": {}
          },
          "sensitive_attributes": [],
          "private": "bnVsbA==",
          "create_before_destroy": true
        }
      ]
    },
    {
      "mode": "managed",
      "type": "aws_secretsmanager_secret_version",
      "name": "hydra_rds",
      "provider": "provider[\"registry.terraform.io/hashicorp/aws\"]",
      "instances": [
        {
          "schema_version": 0,
          "attributes": {
            "arn": "arn:aws:secretsmanager:ap-northeast-1:616004226956:secret:hydra_rds-uMdmXY",
            "id": "arn:aws:secretsmanager:ap-northeast-1:616004226956:secret:hydra_rds-uMdmXY|AEC43B8E-530D-48E3-A0AA-6B9EEA822DBC",
            "secret_binary": "",
            "secret_id": "arn:aws:secretsmanager:ap-northeast-1:616004226956:secret:hydra_rds-uMdmXY",
            "secret_string": "{\"dbClusterIdentifier\":\"hydra-db-cluster\",\"engine\":\"mysql\",\"host\":\"hydra-db-cluster.cluster-cggh3018flmj.ap-northeast-1.rds.amazonaws.com\",\"password\":\"hydra2022\",\"port\":3306,\"username\":\"hydra\"}",
            "version_id": "AEC43B8E-530D-48E3-A0AA-6B9EEA822DBC",
            "version_stages": [
              "AWSCURRENT"
            ]
          },
          "sensitive_attributes": [
            [
              {
                "type": "get_attr",
                "value": "secret_string"
              }
            ]
          ],
          "private": "bnVsbA==",
          "dependencies": [
            "aws_db_subnet_group.hydra_rds_subnet_group",
            "aws_security_group.hydra_rds_sg",
            "aws_subnet.hydra_private_subnet_d",
            "aws_vpc.hydra_vpc",
            "aws_rds_cluster.hydra_db_cluster",
            "aws_rds_cluster_parameter_group.hydra_rds_cluster_parameter_group",
            "aws_secretsmanager_secret.hydra_rds",
            "aws_subnet.hydra_private_subnet_a",
            "aws_subnet.hydra_private_subnet_c"
          ],
          "create_before_destroy": true
        }
      ]
    },
    {
      "mode": "managed",
      "type": "aws_security_group",
      "name": "api_facede_sg",
      "provider": "provider[\"registry.terraform.io/hashicorp/aws\"]",
      "instances": [
        {
          "schema_version": 1,
          "attributes": {
            "arn": "arn:aws:ec2:ap-northeast-1:616004226956:security-group/sg-02043ac24ff595197",
            "description": "api_facede_sg",
            "egress": [
              {
                "cidr_blocks": [
                  "0.0.0.0/0"
                ],
                "description": "",
                "from_port": 0,
                "ipv6_cidr_blocks": [],
                "prefix_list_ids": [],
                "protocol": "-1",
                "security_groups": [],
                "self": false,
                "to_port": 0
              }
            ],
            "id": "sg-02043ac24ff595197",
            "ingress": [
              {
                "cidr_blocks": [
                  "10.0.0.0/16"
                ],
                "description": "",
                "from_port": 0,
                "ipv6_cidr_blocks": [],
                "prefix_list_ids": [],
                "protocol": "tcp",
                "security_groups": [],
                "self": false,
                "to_port": 65535
              }
            ],
            "name": "api_facede_sg",
            "name_prefix": "",
            "owner_id": "616004226956",
            "revoke_rules_on_delete": false,
            "tags": {
              "Name": "api_facede_sg"
            },
            "tags_all": {
              "Name": "api_facede_sg"
            },
            "timeouts": null,
            "vpc_id": "vpc-06740a3dc1f56d4b1"
          },
          "sensitive_attributes": [],
          "private": "eyJlMmJmYjczMC1lY2FhLTExZTYtOGY4OC0zNDM2M2JjN2M0YzAiOnsiY3JlYXRlIjo2MDAwMDAwMDAwMDAsImRlbGV0ZSI6OTAwMDAwMDAwMDAwfSwic2NoZW1hX3ZlcnNpb24iOiIxIn0=",
          "dependencies": [
            "aws_vpc.hydra_vpc"
          ],
          "create_before_destroy": true
        }
      ]
    },
    {
      "mode": "managed",
      "type": "aws_security_group",
      "name": "hydra_rds_proxy_sg",
      "provider": "provider[\"registry.terraform.io/hashicorp/aws\"]",
      "instances": [
        {
          "schema_version": 1,
          "attributes": {
            "arn": "arn:aws:ec2:ap-northeast-1:616004226956:security-group/sg-0cb15f0a389ea1c9c",
            "description": "hydra_rds_proxy_sg",
            "egress": [],
            "id": "sg-0cb15f0a389ea1c9c",
            "ingress": [
              {
                "cidr_blocks": [],
                "description": "",
                "from_port": 3306,
                "ipv6_cidr_blocks": [],
                "prefix_list_ids": [],
                "protocol": "tcp",
                "security_groups": [
                  "sg-02043ac24ff595197"
                ],
                "self": false,
                "to_port": 3306
              }
            ],
            "name": "hydra_rds_proxy_sg",
            "name_prefix": "",
            "owner_id": "616004226956",
            "revoke_rules_on_delete": false,
            "tags": {
              "Name": "hydra_rds_proxy_sg"
            },
            "tags_all": {
              "Name": "hydra_rds_proxy_sg"
            },
            "timeouts": null,
            "vpc_id": "vpc-06740a3dc1f56d4b1"
          },
          "sensitive_attributes": [],
          "private": "eyJlMmJmYjczMC1lY2FhLTExZTYtOGY4OC0zNDM2M2JjN2M0YzAiOnsiY3JlYXRlIjo2MDAwMDAwMDAwMDAsImRlbGV0ZSI6OTAwMDAwMDAwMDAwfSwic2NoZW1hX3ZlcnNpb24iOiIxIn0=",
          "dependencies": [
            "aws_vpc.hydra_vpc"
          ],
          "create_before_destroy": true
        }
      ]
    },
    {
      "mode": "managed",
      "type": "aws_security_group",
      "name": "hydra_rds_sg",
      "provider": "provider[\"registry.terraform.io/hashicorp/aws\"]",
      "instances": [
        {
          "schema_version": 1,
          "attributes": {
            "arn": "arn:aws:ec2:ap-northeast-1:616004226956:security-group/sg-0cdf06014fc4d2a42",
            "description": "RDS service security",
            "egress": [
              {
                "cidr_blocks": [
                  "0.0.0.0/0"
                ],
                "description": "",
                "from_port": 0,
                "ipv6_cidr_blocks": [],
                "prefix_list_ids": [],
                "protocol": "-1",
                "security_groups": [],
                "self": false,
                "to_port": 0
              }
            ],
            "id": "sg-0cdf06014fc4d2a42",
            "ingress": [
              {
                "cidr_blocks": [
                  "10.0.0.0/24"
                ],
                "description": "",
                "from_port": 3306,
                "ipv6_cidr_blocks": [],
                "prefix_list_ids": [],
                "protocol": "tcp",
                "security_groups": [],
                "self": false,
                "to_port": 3306
              }
            ],
            "name": "hydra_rds_sg",
            "name_prefix": "",
            "owner_id": "616004226956",
            "revoke_rules_on_delete": false,
            "tags": {
              "Name": "hydra_rds_sg"
            },
            "tags_all": {
              "Name": "hydra_rds_sg"
            },
            "timeouts": null,
            "vpc_id": "vpc-06740a3dc1f56d4b1"
          },
          "sensitive_attributes": [],
          "private": "eyJlMmJmYjczMC1lY2FhLTExZTYtOGY4OC0zNDM2M2JjN2M0YzAiOnsiY3JlYXRlIjo2MDAwMDAwMDAwMDAsImRlbGV0ZSI6OTAwMDAwMDAwMDAwfSwic2NoZW1hX3ZlcnNpb24iOiIxIn0=",
          "dependencies": [
            "aws_vpc.hydra_vpc"
          ]
        }
      ]
    },
    {
      "mode": "managed",
      "type": "aws_security_group",
      "name": "hydra_sg",
      "provider": "provider[\"registry.terraform.io/hashicorp/aws\"]",
      "instances": [
        {
          "schema_version": 1,
          "attributes": {
            "arn": "arn:aws:ec2:ap-northeast-1:616004226956:security-group/sg-03be298b1486709b2",
            "description": "hydra_sg",
            "egress": [
              {
                "cidr_blocks": [
                  "0.0.0.0/0"
                ],
                "description": "",
                "from_port": 0,
                "ipv6_cidr_blocks": [],
                "prefix_list_ids": [],
                "protocol": "-1",
                "security_groups": [],
                "self": false,
                "to_port": 0
              }
            ],
            "id": "sg-03be298b1486709b2",
            "ingress": [
              {
                "cidr_blocks": [
                  "0.0.0.0/0"
                ],
                "description": "",
                "from_port": 4444,
                "ipv6_cidr_blocks": [],
                "prefix_list_ids": [],
                "protocol": "tcp",
                "security_groups": [],
                "self": false,
                "to_port": 4444
              },
              {
                "cidr_blocks": [
                  "0.0.0.0/0"
                ],
                "description": "",
                "from_port": 4445,
                "ipv6_cidr_blocks": [],
                "prefix_list_ids": [],
                "protocol": "tcp",
                "security_groups": [],
                "self": false,
                "to_port": 4445
              }
            ],
            "name": "hydra_sg",
            "name_prefix": "",
            "owner_id": "616004226956",
            "revoke_rules_on_delete": false,
            "tags": {
              "Name": "hydra_sg"
            },
            "tags_all": {
              "Name": "hydra_sg"
            },
            "timeouts": null,
            "vpc_id": "vpc-06740a3dc1f56d4b1"
          },
          "sensitive_attributes": [],
          "private": "eyJlMmJmYjczMC1lY2FhLTExZTYtOGY4OC0zNDM2M2JjN2M0YzAiOnsiY3JlYXRlIjo2MDAwMDAwMDAwMDAsImRlbGV0ZSI6OTAwMDAwMDAwMDAwfSwic2NoZW1hX3ZlcnNpb24iOiIxIn0=",
          "dependencies": [
            "aws_vpc.hydra_vpc"
          ]
        }
      ]
    },
    {
      "mode": "managed",
      "type": "aws_security_group_rule",
      "name": "api_facede_sg",
      "provider": "provider[\"registry.terraform.io/hashicorp/aws\"]",
      "instances": [
        {
          "schema_version": 2,
          "attributes": {
            "cidr_blocks": [
              "10.0.0.0/16"
            ],
            "description": "",
            "from_port": 0,
            "id": "sgrule-33778235",
            "ipv6_cidr_blocks": [],
            "prefix_list_ids": [],
            "protocol": "tcp",
            "security_group_id": "sg-02043ac24ff595197",
            "self": false,
            "source_security_group_id": null,
            "to_port": 65535,
            "type": "ingress"
          },
          "sensitive_attributes": [],
          "private": "eyJzY2hlbWFfdmVyc2lvbiI6IjIifQ==",
          "dependencies": [
            "aws_vpc.hydra_vpc",
            "aws_security_group.api_facede_sg"
          ],
          "create_before_destroy": true
        }
      ]
    },
    {
      "mode": "managed",
      "type": "aws_security_group_rule",
      "name": "hydra_rds_proxy_sg",
      "provider": "provider[\"registry.terraform.io/hashicorp/aws\"]",
      "instances": [
        {
          "schema_version": 2,
          "attributes": {
            "cidr_blocks": [],
            "description": "",
            "from_port": 3306,
            "id": "sgrule-3559060639",
            "ipv6_cidr_blocks": [],
            "prefix_list_ids": [],
            "protocol": "tcp",
            "security_group_id": "sg-0cb15f0a389ea1c9c",
            "self": false,
            "source_security_group_id": "sg-02043ac24ff595197",
            "to_port": 3306,
            "type": "ingress"
          },
          "sensitive_attributes": [],
          "private": "eyJzY2hlbWFfdmVyc2lvbiI6IjIifQ==",
          "dependencies": [
            "aws_security_group.api_facede_sg",
            "aws_security_group.hydra_rds_proxy_sg",
            "aws_vpc.hydra_vpc"
          ]
        }
      ]
    },
    {
      "mode": "managed",
      "type": "aws_security_group_rule",
      "name": "hydra_rds_sg",
      "provider": "provider[\"registry.terraform.io/hashicorp/aws\"]",
      "instances": [
        {
          "schema_version": 2,
          "attributes": {
            "cidr_blocks": [],
            "description": "",
            "from_port": 3306,
            "id": "sgrule-4239927804",
            "ipv6_cidr_blocks": [],
            "prefix_list_ids": [],
            "protocol": "tcp",
            "security_group_id": "sg-0cdf06014fc4d2a42",
            "self": false,
            "source_security_group_id": "sg-0cb15f0a389ea1c9c",
            "to_port": 3306,
            "type": "ingress"
          },
          "sensitive_attributes": [],
          "private": "eyJzY2hlbWFfdmVyc2lvbiI6IjIifQ==",
          "dependencies": [
            "aws_security_group.api_facede_sg",
            "aws_security_group.hydra_rds_proxy_sg",
            "aws_security_group.hydra_rds_sg",
            "aws_security_group_rule.hydra_rds_proxy_sg",
            "aws_vpc.hydra_vpc"
          ]
        }
      ]
    },
    {
      "mode": "managed",
      "type": "aws_security_group_rule",
      "name": "hydra_sg_rule_1",
      "provider": "provider[\"registry.terraform.io/hashicorp/aws\"]",
      "instances": [
        {
          "schema_version": 2,
          "attributes": {
            "cidr_blocks": [
              "0.0.0.0/0"
            ],
            "description": "",
            "from_port": 4444,
            "id": "sgrule-1377683170",
            "ipv6_cidr_blocks": [],
            "prefix_list_ids": [],
            "protocol": "tcp",
            "security_group_id": "sg-03be298b1486709b2",
            "self": false,
            "source_security_group_id": null,
            "to_port": 4444,
            "type": "ingress"
          },
          "sensitive_attributes": [],
          "private": "eyJzY2hlbWFfdmVyc2lvbiI6IjIifQ==",
          "dependencies": [
            "aws_vpc.hydra_vpc",
            "aws_security_group.hydra_sg"
          ]
        }
      ]
    },
    {
      "mode": "managed",
      "type": "aws_security_group_rule",
      "name": "hydra_sg_rule_2",
      "provider": "provider[\"registry.terraform.io/hashicorp/aws\"]",
      "instances": [
        {
          "schema_version": 2,
          "attributes": {
            "cidr_blocks": [
              "0.0.0.0/0"
            ],
            "description": "",
            "from_port": 4445,
            "id": "sgrule-2956950241",
            "ipv6_cidr_blocks": [],
            "prefix_list_ids": [],
            "protocol": "tcp",
            "security_group_id": "sg-03be298b1486709b2",
            "self": false,
            "source_security_group_id": null,
            "to_port": 4445,
            "type": "ingress"
          },
          "sensitive_attributes": [],
          "private": "eyJzY2hlbWFfdmVyc2lvbiI6IjIifQ==",
          "dependencies": [
            "aws_security_group.hydra_sg",
            "aws_vpc.hydra_vpc"
          ]
        }
      ]
    },
    {
      "mode": "managed",
      "type": "aws_subnet",
      "name": "api_facede_subnet_a",
      "provider": "provider[\"registry.terraform.io/hashicorp/aws\"]",
      "instances": [
        {
          "schema_version": 1,
          "attributes": {
            "arn": "arn:aws:ec2:ap-northeast-1:616004226956:subnet/subnet-095e6d21f3b494b4b",
            "assign_ipv6_address_on_creation": false,
            "availability_zone": "ap-northeast-1a",
            "availability_zone_id": "apne1-az4",
            "cidr_block": "10.0.80.0/24",
            "customer_owned_ipv4_pool": "",
            "enable_dns64": false,
            "enable_resource_name_dns_a_record_on_launch": false,
            "enable_resource_name_dns_aaaa_record_on_launch": false,
            "id": "subnet-095e6d21f3b494b4b",
            "ipv6_cidr_block": "",
            "ipv6_cidr_block_association_id": "",
            "ipv6_native": false,
            "map_customer_owned_ip_on_launch": false,
            "map_public_ip_on_launch": false,
            "outpost_arn": "",
            "owner_id": "616004226956",
            "private_dns_hostname_type_on_launch": "ip-name",
            "tags": {
              "Name": "api_facede_subnet_a"
            },
            "tags_all": {
              "Name": "api_facede_subnet_a"
            },
            "timeouts": null,
            "vpc_id": "vpc-06740a3dc1f56d4b1"
          },
          "sensitive_attributes": [],
          "private": "eyJlMmJmYjczMC1lY2FhLTExZTYtOGY4OC0zNDM2M2JjN2M0YzAiOnsiY3JlYXRlIjo2MDAwMDAwMDAwMDAsImRlbGV0ZSI6MTIwMDAwMDAwMDAwMH0sInNjaGVtYV92ZXJzaW9uIjoiMSJ9",
          "dependencies": [
            "aws_vpc.hydra_vpc"
          ],
          "create_before_destroy": true
        }
      ]
    },
    {
      "mode": "managed",
      "type": "aws_subnet",
      "name": "api_facede_subnet_c",
      "provider": "provider[\"registry.terraform.io/hashicorp/aws\"]",
      "instances": [
        {
          "schema_version": 1,
          "attributes": {
            "arn": "arn:aws:ec2:ap-northeast-1:616004226956:subnet/subnet-0df7a84c9153387aa",
            "assign_ipv6_address_on_creation": false,
            "availability_zone": "ap-northeast-1c",
            "availability_zone_id": "apne1-az1",
            "cidr_block": "10.0.81.0/24",
            "customer_owned_ipv4_pool": "",
            "enable_dns64": false,
            "enable_resource_name_dns_a_record_on_launch": false,
            "enable_resource_name_dns_aaaa_record_on_launch": false,
            "id": "subnet-0df7a84c9153387aa",
            "ipv6_cidr_block": "",
            "ipv6_cidr_block_association_id": "",
            "ipv6_native": false,
            "map_customer_owned_ip_on_launch": false,
            "map_public_ip_on_launch": false,
            "outpost_arn": "",
            "owner_id": "616004226956",
            "private_dns_hostname_type_on_launch": "ip-name",
            "tags": {
              "Name": "api_facede_subnet_c"
            },
            "tags_all": {
              "Name": "api_facede_subnet_c"
            },
            "timeouts": null,
            "vpc_id": "vpc-06740a3dc1f56d4b1"
          },
          "sensitive_attributes": [],
          "private": "eyJlMmJmYjczMC1lY2FhLTExZTYtOGY4OC0zNDM2M2JjN2M0YzAiOnsiY3JlYXRlIjo2MDAwMDAwMDAwMDAsImRlbGV0ZSI6MTIwMDAwMDAwMDAwMH0sInNjaGVtYV92ZXJzaW9uIjoiMSJ9",
          "dependencies": [
            "aws_vpc.hydra_vpc"
          ],
          "create_before_destroy": true
        }
      ]
    },
    {
      "mode": "managed",
      "type": "aws_subnet",
      "name": "api_facede_subnet_d",
      "provider": "provider[\"registry.terraform.io/hashicorp/aws\"]",
      "instances": [
        {
          "schema_version": 1,
          "attributes": {
            "arn": "arn:aws:ec2:ap-northeast-1:616004226956:subnet/subnet-0875b8076a230ad28",
            "assign_ipv6_address_on_creation": false,
            "availability_zone": "ap-northeast-1d",
            "availability_zone_id": "apne1-az2",
            "cidr_block": "10.0.82.0/24",
            "customer_owned_ipv4_pool": "",
            "enable_dns64": false,
            "enable_resource_name_dns_a_record_on_launch": false,
            "enable_resource_name_dns_aaaa_record_on_launch": false,
            "id": "subnet-0875b8076a230ad28",
            "ipv6_cidr_block": "",
            "ipv6_cidr_block_association_id": "",
            "ipv6_native": false,
            "map_customer_owned_ip_on_launch": false,
            "map_public_ip_on_launch": false,
            "outpost_arn": "",
            "owner_id": "616004226956",
            "private_dns_hostname_type_on_launch": "ip-name",
            "tags": {
              "Name": "api_facede_subnet_d"
            },
            "tags_all": {
              "Name": "api_facede_subnet_d"
            },
            "timeouts": null,
            "vpc_id": "vpc-06740a3dc1f56d4b1"
          },
          "sensitive_attributes": [],
          "private": "eyJlMmJmYjczMC1lY2FhLTExZTYtOGY4OC0zNDM2M2JjN2M0YzAiOnsiY3JlYXRlIjo2MDAwMDAwMDAwMDAsImRlbGV0ZSI6MTIwMDAwMDAwMDAwMH0sInNjaGVtYV92ZXJzaW9uIjoiMSJ9",
          "dependencies": [
            "aws_vpc.hydra_vpc"
          ],
          "create_before_destroy": true
        }
      ]
    },
    {
      "mode": "managed",
      "type": "aws_subnet",
      "name": "hydra_private_subnet_a",
      "provider": "provider[\"registry.terraform.io/hashicorp/aws\"]",
      "instances": [
        {
          "schema_version": 1,
          "attributes": {
            "arn": "arn:aws:ec2:ap-northeast-1:616004226956:subnet/subnet-040b3c60dfab5c8a2",
            "assign_ipv6_address_on_creation": false,
            "availability_zone": "ap-northeast-1a",
            "availability_zone_id": "apne1-az4",
            "cidr_block": "10.0.20.0/24",
            "customer_owned_ipv4_pool": "",
            "enable_dns64": false,
            "enable_resource_name_dns_a_record_on_launch": false,
            "enable_resource_name_dns_aaaa_record_on_launch": false,
            "id": "subnet-040b3c60dfab5c8a2",
            "ipv6_cidr_block": "",
            "ipv6_cidr_block_association_id": "",
            "ipv6_native": false,
            "map_customer_owned_ip_on_launch": false,
            "map_public_ip_on_launch": false,
            "outpost_arn": "",
            "owner_id": "616004226956",
            "private_dns_hostname_type_on_launch": "ip-name",
            "tags": {
              "Name": "hydra_private_subnet_a"
            },
            "tags_all": {
              "Name": "hydra_private_subnet_a"
            },
            "timeouts": null,
            "vpc_id": "vpc-06740a3dc1f56d4b1"
          },
          "sensitive_attributes": [],
          "private": "eyJlMmJmYjczMC1lY2FhLTExZTYtOGY4OC0zNDM2M2JjN2M0YzAiOnsiY3JlYXRlIjo2MDAwMDAwMDAwMDAsImRlbGV0ZSI6MTIwMDAwMDAwMDAwMH0sInNjaGVtYV92ZXJzaW9uIjoiMSJ9",
          "dependencies": [
            "aws_vpc.hydra_vpc"
          ],
          "create_before_destroy": true
        }
      ]
    },
    {
      "mode": "managed",
      "type": "aws_subnet",
      "name": "hydra_private_subnet_c",
      "provider": "provider[\"registry.terraform.io/hashicorp/aws\"]",
      "instances": [
        {
          "schema_version": 1,
          "attributes": {
            "arn": "arn:aws:ec2:ap-northeast-1:616004226956:subnet/subnet-07656c7fd9529637b",
            "assign_ipv6_address_on_creation": false,
            "availability_zone": "ap-northeast-1c",
            "availability_zone_id": "apne1-az1",
            "cidr_block": "10.0.40.0/24",
            "customer_owned_ipv4_pool": "",
            "enable_dns64": false,
            "enable_resource_name_dns_a_record_on_launch": false,
            "enable_resource_name_dns_aaaa_record_on_launch": false,
            "id": "subnet-07656c7fd9529637b",
            "ipv6_cidr_block": "",
            "ipv6_cidr_block_association_id": "",
            "ipv6_native": false,
            "map_customer_owned_ip_on_launch": false,
            "map_public_ip_on_launch": false,
            "outpost_arn": "",
            "owner_id": "616004226956",
            "private_dns_hostname_type_on_launch": "ip-name",
            "tags": {
              "Name": "hydra_private_subnet_c"
            },
            "tags_all": {
              "Name": "hydra_private_subnet_c"
            },
            "timeouts": null,
            "vpc_id": "vpc-06740a3dc1f56d4b1"
          },
          "sensitive_attributes": [],
          "private": "eyJlMmJmYjczMC1lY2FhLTExZTYtOGY4OC0zNDM2M2JjN2M0YzAiOnsiY3JlYXRlIjo2MDAwMDAwMDAwMDAsImRlbGV0ZSI6MTIwMDAwMDAwMDAwMH0sInNjaGVtYV92ZXJzaW9uIjoiMSJ9",
          "dependencies": [
            "aws_vpc.hydra_vpc"
          ],
          "create_before_destroy": true
        }
      ]
    },
    {
      "mode": "managed",
      "type": "aws_subnet",
      "name": "hydra_private_subnet_d",
      "provider": "provider[\"registry.terraform.io/hashicorp/aws\"]",
      "instances": [
        {
          "schema_version": 1,
          "attributes": {
            "arn": "arn:aws:ec2:ap-northeast-1:616004226956:subnet/subnet-01e6c1e02562fb591",
            "assign_ipv6_address_on_creation": false,
            "availability_zone": "ap-northeast-1d",
            "availability_zone_id": "apne1-az2",
            "cidr_block": "10.0.60.0/24",
            "customer_owned_ipv4_pool": "",
            "enable_dns64": false,
            "enable_resource_name_dns_a_record_on_launch": false,
            "enable_resource_name_dns_aaaa_record_on_launch": false,
            "id": "subnet-01e6c1e02562fb591",
            "ipv6_cidr_block": "",
            "ipv6_cidr_block_association_id": "",
            "ipv6_native": false,
            "map_customer_owned_ip_on_launch": false,
            "map_public_ip_on_launch": false,
            "outpost_arn": "",
            "owner_id": "616004226956",
            "private_dns_hostname_type_on_launch": "ip-name",
            "tags": {
              "Name": "hydra_private_subnet_d"
            },
            "tags_all": {
              "Name": "hydra_private_subnet_d"
            },
            "timeouts": null,
            "vpc_id": "vpc-06740a3dc1f56d4b1"
          },
          "sensitive_attributes": [],
          "private": "eyJlMmJmYjczMC1lY2FhLTExZTYtOGY4OC0zNDM2M2JjN2M0YzAiOnsiY3JlYXRlIjo2MDAwMDAwMDAwMDAsImRlbGV0ZSI6MTIwMDAwMDAwMDAwMH0sInNjaGVtYV92ZXJzaW9uIjoiMSJ9",
          "dependencies": [
            "aws_vpc.hydra_vpc"
          ],
          "create_before_destroy": true
        }
      ]
    },
    {
      "mode": "managed",
      "type": "aws_subnet",
      "name": "hydra_public_subnet_a",
      "provider": "provider[\"registry.terraform.io/hashicorp/aws\"]",
      "instances": [
        {
          "schema_version": 1,
          "attributes": {
            "arn": "arn:aws:ec2:ap-northeast-1:616004226956:subnet/subnet-0192e6c85f06d2fbe",
            "assign_ipv6_address_on_creation": false,
            "availability_zone": "ap-northeast-1a",
            "availability_zone_id": "apne1-az4",
            "cidr_block": "10.0.10.0/24",
            "customer_owned_ipv4_pool": "",
            "enable_dns64": false,
            "enable_resource_name_dns_a_record_on_launch": false,
            "enable_resource_name_dns_aaaa_record_on_launch": false,
            "id": "subnet-0192e6c85f06d2fbe",
            "ipv6_cidr_block": "",
            "ipv6_cidr_block_association_id": "",
            "ipv6_native": false,
            "map_customer_owned_ip_on_launch": false,
            "map_public_ip_on_launch": false,
            "outpost_arn": "",
            "owner_id": "616004226956",
            "private_dns_hostname_type_on_launch": "ip-name",
            "tags": {
              "Name": "hydra_public_subnet_a"
            },
            "tags_all": {
              "Name": "hydra_public_subnet_a"
            },
            "timeouts": null,
            "vpc_id": "vpc-06740a3dc1f56d4b1"
          },
          "sensitive_attributes": [],
          "private": "eyJlMmJmYjczMC1lY2FhLTExZTYtOGY4OC0zNDM2M2JjN2M0YzAiOnsiY3JlYXRlIjo2MDAwMDAwMDAwMDAsImRlbGV0ZSI6MTIwMDAwMDAwMDAwMH0sInNjaGVtYV92ZXJzaW9uIjoiMSJ9",
          "dependencies": [
            "aws_vpc.hydra_vpc"
          ]
        }
      ]
    },
    {
      "mode": "managed",
      "type": "aws_subnet",
      "name": "hydra_public_subnet_c",
      "provider": "provider[\"registry.terraform.io/hashicorp/aws\"]",
      "instances": [
        {
          "schema_version": 1,
          "attributes": {
            "arn": "arn:aws:ec2:ap-northeast-1:616004226956:subnet/subnet-0b5a7670dda70306b",
            "assign_ipv6_address_on_creation": false,
            "availability_zone": "ap-northeast-1c",
            "availability_zone_id": "apne1-az1",
            "cidr_block": "10.0.30.0/24",
            "customer_owned_ipv4_pool": "",
            "enable_dns64": false,
            "enable_resource_name_dns_a_record_on_launch": false,
            "enable_resource_name_dns_aaaa_record_on_launch": false,
            "id": "subnet-0b5a7670dda70306b",
            "ipv6_cidr_block": "",
            "ipv6_cidr_block_association_id": "",
            "ipv6_native": false,
            "map_customer_owned_ip_on_launch": false,
            "map_public_ip_on_launch": false,
            "outpost_arn": "",
            "owner_id": "616004226956",
            "private_dns_hostname_type_on_launch": "ip-name",
            "tags": {
              "Name": "hydra_public_subnet_c"
            },
            "tags_all": {
              "Name": "hydra_public_subnet_c"
            },
            "timeouts": null,
            "vpc_id": "vpc-06740a3dc1f56d4b1"
          },
          "sensitive_attributes": [],
          "private": "eyJlMmJmYjczMC1lY2FhLTExZTYtOGY4OC0zNDM2M2JjN2M0YzAiOnsiY3JlYXRlIjo2MDAwMDAwMDAwMDAsImRlbGV0ZSI6MTIwMDAwMDAwMDAwMH0sInNjaGVtYV92ZXJzaW9uIjoiMSJ9",
          "dependencies": [
            "aws_vpc.hydra_vpc"
          ]
        }
      ]
    },
    {
      "mode": "managed",
      "type": "aws_subnet",
      "name": "hydra_public_subnet_d",
      "provider": "provider[\"registry.terraform.io/hashicorp/aws\"]",
      "instances": [
        {
          "schema_version": 1,
          "attributes": {
            "arn": "arn:aws:ec2:ap-northeast-1:616004226956:subnet/subnet-091f1a5b2ae3732fd",
            "assign_ipv6_address_on_creation": false,
            "availability_zone": "ap-northeast-1d",
            "availability_zone_id": "apne1-az2",
            "cidr_block": "10.0.50.0/24",
            "customer_owned_ipv4_pool": "",
            "enable_dns64": false,
            "enable_resource_name_dns_a_record_on_launch": false,
            "enable_resource_name_dns_aaaa_record_on_launch": false,
            "id": "subnet-091f1a5b2ae3732fd",
            "ipv6_cidr_block": "",
            "ipv6_cidr_block_association_id": "",
            "ipv6_native": false,
            "map_customer_owned_ip_on_launch": false,
            "map_public_ip_on_launch": false,
            "outpost_arn": "",
            "owner_id": "616004226956",
            "private_dns_hostname_type_on_launch": "ip-name",
            "tags": {
              "Name": "hydra_public_subnet_d"
            },
            "tags_all": {
              "Name": "hydra_public_subnet_d"
            },
            "timeouts": null,
            "vpc_id": "vpc-06740a3dc1f56d4b1"
          },
          "sensitive_attributes": [],
          "private": "eyJlMmJmYjczMC1lY2FhLTExZTYtOGY4OC0zNDM2M2JjN2M0YzAiOnsiY3JlYXRlIjo2MDAwMDAwMDAwMDAsImRlbGV0ZSI6MTIwMDAwMDAwMDAwMH0sInNjaGVtYV92ZXJzaW9uIjoiMSJ9",
          "dependencies": [
            "aws_vpc.hydra_vpc"
          ]
        }
      ]
    },
    {
      "mode": "managed",
      "type": "aws_vpc",
      "name": "hydra_vpc",
      "provider": "provider[\"registry.terraform.io/hashicorp/aws\"]",
      "instances": [
        {
          "schema_version": 1,
          "attributes": {
            "arn": "arn:aws:ec2:ap-northeast-1:616004226956:vpc/vpc-06740a3dc1f56d4b1",
            "assign_generated_ipv6_cidr_block": false,
            "cidr_block": "10.0.0.0/16",
            "default_network_acl_id": "acl-0d1773737f1070e8f",
            "default_route_table_id": "rtb-046b88ea19fe67e72",
            "default_security_group_id": "sg-0eef5aa052c4366ed",
            "dhcp_options_id": "dopt-49aca12e",
            "enable_classiclink": false,
            "enable_classiclink_dns_support": false,
            "enable_dns_hostnames": true,
            "enable_dns_support": true,
            "id": "vpc-06740a3dc1f56d4b1",
            "instance_tenancy": "default",
            "ipv4_ipam_pool_id": null,
            "ipv4_netmask_length": null,
            "ipv6_association_id": "",
            "ipv6_cidr_block": "",
            "ipv6_cidr_block_network_border_group": "",
            "ipv6_ipam_pool_id": "",
            "ipv6_netmask_length": 0,
            "main_route_table_id": "rtb-046b88ea19fe67e72",
            "owner_id": "616004226956",
            "tags": {
              "Name": "hydra-vpc"
            },
            "tags_all": {
              "Name": "hydra-vpc"
            }
          },
          "sensitive_attributes": [],
          "private": "eyJzY2hlbWFfdmVyc2lvbiI6IjEifQ==",
          "create_before_destroy": true
        }
      ]
    },
    {
      "mode": "managed",
      "type": "null_resource",
      "name": "db_setup",
      "provider": "provider[\"registry.terraform.io/hashicorp/null\"]",
      "instances": [
        {
          "schema_version": 0,
          "attributes": {
            "id": "2472819786884029005",
            "triggers": {
              "name": "db_setup"
            }
          },
          "sensitive_attributes": [],
          "private": "bnVsbA==",
          "dependencies": [
            "aws_rds_cluster_parameter_group.hydra_rds_cluster_parameter_group",
            "aws_subnet.hydra_private_subnet_c",
            "aws_vpc.hydra_vpc",
            "aws_subnet.hydra_private_subnet_a",
            "aws_subnet.hydra_private_subnet_d",
            "aws_db_subnet_group.hydra_rds_subnet_group",
            "aws_rds_cluster.hydra_db_cluster",
            "aws_rds_cluster_instance.hydra_db_instance",
            "aws_security_group.hydra_rds_sg"
          ]
        }
      ]
    },
    {
      "mode": "managed",
      "type": "null_resource",
      "name": "lambda_build3",
      "provider": "provider[\"registry.terraform.io/hashicorp/null\"]",
      "instances": [
        {
          "schema_version": 0,
          "attributes": {
            "id": "2475089977851946612",
            "triggers": {
              "code_diff": "cGFja2FnZSBtYWluCgppbXBvcnQgKAoJImVycm9ycyIKCSJmbXQiCgkiaW8vaW91dGlsIgoJImxvZyIKCSJuZXQvaHR0cCIKCgkiZ2l0aHViLmNvbS9hd3MvYXdzLWxhbWJkYS1nby9ldmVudHMiCgkiZ2l0aHViLmNvbS9hd3MvYXdzLWxhbWJkYS1nby9sYW1iZGEiCglfICJnaXRodWIuY29tL2dvLXNxbC1kcml2ZXIvbXlzcWwiCgkiZ2l0aHViLmNvbS9qaW56aHUvZ29ybSIKKQoKdHlwZSBoeWRyYV9vYXV0aDJfYWNjZXNzIHN0cnVjdCB7CglTaWduYXR1cmUgICAgICAgICBzdHJpbmcgYGpzb246c2lnbmF0dXJlYAoJUmVxdWVzdElkICAgICAgICAgc3RyaW5nIGBqc29uOnJlcXVlc3RfaWRgCglSZXF1ZXN0ZWRBdCAgICAgICBzdHJpbmcgYGpzb246cmVxdWVzdGVkX2F0YAoJQ2xpZW50SWQgICAgICAgICAgc3RyaW5nIGBqc29uOmNsaWVudF9pZGAKCVNjb3BlICAgICAgICAgICAgIHN0cmluZyBganNvbjpzY29wZWAKCUdyYW50ZWRTY29wZSAgICAgIHN0cmluZyBganNvbjpncmFudGVkX3Njb3BlYAoJRm9ybURhdGEgICAgICAgICAgc3RyaW5nIGBqc29uOmZvcm1fZGF0YWAKCVNlc3Npb25EYXRhICAgICAgIHN0cmluZyBganNvbjpzZXNzaW9uX2RhdGFgCglTdWJqZWN0ICAgICAgICAgICBzdHJpbmcgYGpzb246c3ViamVjdGAKCUFjdGl2ZSAgICAgICAgICAgIHN0cmluZyBganNvbjphY3RpdmVgCglSZXF1ZXN0ZWRBdWRpZW5jZSBzdHJpbmcgYGpzb246cmVxdWVzdGVkX2F1ZGllbmNlYAoJR3JhbnRlZEF1ZGllbmNlICAgc3RyaW5nIGBqc29uOmdyYW50ZWRfYXVkaWVuY2VgCglDaGFsbGVuZ2VJZCAgICAgICBzdHJpbmcgYGpzb246Y2hhbGxlbmdlX2lkYAp9Cgp2YXIgKAoJLy8gRGVmYXVsdEhUVFBHZXRBZGRyZXNzIERlZmF1bHQgQWRkcmVzcwoJRGVmYXVsdEhUVFBHZXRBZGRyZXNzID0gImh0dHBzOi8vY2hlY2tpcC5hbWF6b25hd3MuY29tIgoKCS8vIEVyck5vSVAgTm8gSVAgZm91bmQgaW4gcmVzcG9uc2UKCUVyck5vSVAgPSBlcnJvcnMuTmV3KCJObyBJUCBpbiBIVFRQIHJlc3BvbnNlIikKCgkvLyBFcnJOb24yMDBSZXNwb25zZSBub24gMjAwIHN0YXR1cyBjb2RlIGluIHJlc3BvbnNlCglFcnJOb24yMDBSZXNwb25zZSA9IGVycm9ycy5OZXcoIk5vbiAyMDAgUmVzcG9uc2UgZm91bmQiKQopCgpmdW5jIGhhbmRsZXIocmVxdWVzdCBldmVudHMuQVBJR2F0ZXdheVByb3h5UmVxdWVzdCkgKGV2ZW50cy5BUElHYXRld2F5UHJveHlSZXNwb25zZSwgZXJyb3IpIHsKCXJlc3AsIGVyciA6PSBodHRwLkdldChEZWZhdWx0SFRUUEdldEFkZHJlc3MpCglpZiBlcnIgIT0gbmlsIHsKCQlyZXR1cm4gZXZlbnRzLkFQSUdhdGV3YXlQcm94eVJlc3BvbnNle30sIGVycgoJfQoKCWlmIHJlc3AuU3RhdHVzQ29kZSAhPSAyMDAgewoJCXJldHVybiBldmVudHMuQVBJR2F0ZXdheVByb3h5UmVzcG9uc2V7fSwgRXJyTm9uMjAwUmVzcG9uc2UKCX0KCglpcCwgZXJyIDo9IGlvdXRpbC5SZWFkQWxsKHJlc3AuQm9keSkKCWlmIGVyciAhPSBuaWwgewoJCXJldHVybiBldmVudHMuQVBJR2F0ZXdheVByb3h5UmVzcG9uc2V7fSwgZXJyCgl9CgoJaWYgbGVuKGlwKSA9PSAwIHsKCQlyZXR1cm4gZXZlbnRzLkFQSUdhdGV3YXlQcm94eVJlc3BvbnNle30sIEVyck5vSVAKCX0KCWxvZy5QcmludGxuKCIxIikKCWRiIDo9IGdvcm1Db25uZWN0KCkKCWRlZmVyIGRiLkNsb3NlKCkKCWxvZy5QcmludGxuKCIyIikKCS8vIOani+mAoOS9k+OBruOCpOODs+OCueOCv+ODs+OCueWMlgoJZXZlbnRzRXggOj0gW11oeWRyYV9vYXV0aDJfYWNjZXNze30KCWRiLlRhYmxlKCJoeWRyYV9vYXV0aDJfYWNjZXNzIikuRmluZCgmZXZlbnRzRXgpCglsb2cuUHJpbnRsbigiMyIpCgl2YXIgdGVzdCBzdHJpbmcKCWZvciBfLCB2IDo9IHJhbmdlIGV2ZW50c0V4IHsKCQl0ZXN0ICs9IHYuQ2xpZW50SWQKCX0KCWxvZy5QcmludGxuKCI0IikKCXJldHVybiBldmVudHMuQVBJR2F0ZXdheVByb3h5UmVzcG9uc2V7CgkJQm9keTogICAgICAgZm10LlNwcmludGYoInRlc3QsICV2LCAldiIsIHN0cmluZyhpcCksIHRlc3QpLAoJCVN0YXR1c0NvZGU6IDIwMCwKCX0sIG5pbAp9CgpmdW5jIGdvcm1Db25uZWN0KCkgKmdvcm0uREIgewoJREJNUyA6PSAibXlzcWwiCglVU0VSIDo9ICJoeWRyYSIKCVBBU1MgOj0gImh5ZHJhMjAyMiIKCVBST1RPQ09MIDo9ICJ0Y3AoaHlkcmEtZGItY2x1c3Rlci5jbHVzdGVyLWNnZ2gzMDE4Zmxtai5hcC1ub3J0aGVhc3QtMS5yZHMuYW1hem9uYXdzLmNvbTozMzA2KSIKCURCTkFNRSA6PSAiaHlkcmEiCgoJQ09OTkVDVCA6PSBVU0VSICsgIjoiICsgUEFTUyArICJAIiArIFBST1RPQ09MICsgIi8iICsgREJOQU1FCglkYiwgZXJyIDo9IGdvcm0uT3BlbihEQk1TLCBDT05ORUNUKQoKCWlmIGVyciAhPSBuaWwgewoJCXBhbmljKGVyci5FcnJvcigpKQoJfQoJcmV0dXJuIGRiCn0KCmZ1bmMgbWFpbigpIHsKCWxhbWJkYS5TdGFydChoYW5kbGVyKQp9Cg=="
            }
          },
          "sensitive_attributes": [],
          "private": "bnVsbA==",
          "dependencies": [
            "aws_s3_bucket.api_facede_assets"
          ]
        }
      ]
    }
  ]
}
